{
  "version": 4,
  "terraform_version": "0.12.3",
  "serial": 1906,
  "lineage": "0c22b019-b12a-5c6c-6ee4-a1daa6cb8515",
  "outputs": {
    "eks_endpoint": {
      "value": "https://2B09ED2329DF4012CC0A6705BFB14965.yl4.us-west-2.eks.amazonaws.com",
      "type": "string"
    },
    "kubeconfig_filename": {
      "value": "credentials/kubeconfig_my-cluster",
      "type": "string"
    }
  },
  "resources": [
    {
      "module": "module.tidb-operator.module.eks",
      "mode": "data",
      "type": "aws_ami",
      "name": "eks_worker",
      "provider": "provider.aws",
      "instances": [
        {
          "schema_version": 0,
          "attributes": {
            "architecture": "x86_64",
            "block_device_mappings": [
              {
                "device_name": "/dev/xvda",
                "ebs": {
                  "delete_on_termination": "true",
                  "encrypted": "false",
                  "iops": "0",
                  "snapshot_id": "snap-0b4944fcf084e5907",
                  "volume_size": "20",
                  "volume_type": "gp2"
                },
                "no_device": "",
                "virtual_name": ""
              }
            ],
            "creation_date": "2019-06-15T06:42:59.000Z",
            "description": "EKS Kubernetes Worker AMI with AmazonLinux2 image (k8s: 1.12.7, docker:18.06)",
            "executable_users": null,
            "filter": [
              {
                "name": "name",
                "values": [
                  "amazon-eks-node-1.12-v*"
                ]
              }
            ],
            "hypervisor": "xen",
            "id": "ami-0f11fd98b02f12a4c",
            "image_id": "ami-0f11fd98b02f12a4c",
            "image_location": "amazon/amazon-eks-node-1.12-v20190614",
            "image_owner_alias": "amazon",
            "image_type": "machine",
            "kernel_id": null,
            "most_recent": true,
            "name": "amazon-eks-node-1.12-v20190614",
            "name_regex": null,
            "owner_id": "602401143452",
            "owners": [
              "602401143452"
            ],
            "platform": null,
            "product_codes": [],
            "public": true,
            "ramdisk_id": null,
            "root_device_name": "/dev/xvda",
            "root_device_type": "ebs",
            "root_snapshot_id": "snap-0b4944fcf084e5907",
            "sriov_net_support": "simple",
            "state": "available",
            "state_reason": {
              "code": "UNSET",
              "message": "UNSET"
            },
            "tags": {},
            "virtualization_type": "hvm"
          }
        }
      ]
    },
    {
      "mode": "data",
      "type": "aws_availability_zones",
      "name": "available",
      "provider": "provider.aws",
      "instances": [
        {
          "schema_version": 0,
          "attributes": {
            "blacklisted_names": null,
            "blacklisted_zone_ids": null,
            "id": "2019-07-02 15:16:35.907254 +0000 UTC",
            "names": [
              "us-west-2a",
              "us-west-2b",
              "us-west-2c",
              "us-west-2d"
            ],
            "state": null,
            "zone_ids": [
              "usw2-az2",
              "usw2-az1",
              "usw2-az3",
              "usw2-az4"
            ]
          }
        }
      ]
    },
    {
      "module": "module.tidb-operator.module.eks",
      "mode": "data",
      "type": "aws_caller_identity",
      "name": "current",
      "provider": "provider.aws",
      "instances": [
        {
          "schema_version": 0,
          "attributes": {
            "account_id": "385595570414",
            "arn": "arn:aws:iam::385595570414:user/dengshsuan",
            "id": "2019-07-02 15:16:36.89717 +0000 UTC",
            "user_id": "AIDAVTR2JPDXCNJDMZJ6H"
          }
        }
      ]
    },
    {
      "module": "module.tidb-operator.module.eks",
      "mode": "data",
      "type": "aws_iam_instance_profile",
      "name": "custom_worker_group_iam_instance_profile",
      "each": "list",
      "provider": "provider.aws",
      "instances": []
    },
    {
      "module": "module.tidb-operator.module.eks",
      "mode": "data",
      "type": "aws_iam_instance_profile",
      "name": "custom_worker_group_launch_template_iam_instance_profile",
      "each": "list",
      "provider": "provider.aws",
      "instances": []
    },
    {
      "module": "module.tidb-operator.module.eks",
      "mode": "data",
      "type": "aws_iam_instance_profile",
      "name": "custom_worker_group_launch_template_mixed_iam_instance_profile",
      "each": "list",
      "provider": "provider.aws",
      "instances": []
    },
    {
      "module": "module.tidb-operator.module.eks",
      "mode": "data",
      "type": "aws_iam_policy_document",
      "name": "cluster_assume_role_policy",
      "provider": "provider.aws",
      "instances": [
        {
          "schema_version": 0,
          "attributes": {
            "id": "2764486067",
            "json": "{\n  \"Version\": \"2012-10-17\",\n  \"Statement\": [\n    {\n      \"Sid\": \"EKSClusterAssumeRole\",\n      \"Effect\": \"Allow\",\n      \"Action\": \"sts:AssumeRole\",\n      \"Principal\": {\n        \"Service\": \"eks.amazonaws.com\"\n      }\n    }\n  ]\n}",
            "override_json": null,
            "policy_id": null,
            "source_json": null,
            "statement": [
              {
                "actions": [
                  "sts:AssumeRole"
                ],
                "condition": [],
                "effect": "Allow",
                "not_actions": [],
                "not_principals": [],
                "not_resources": [],
                "principals": [
                  {
                    "identifiers": [
                      "eks.amazonaws.com"
                    ],
                    "type": "Service"
                  }
                ],
                "resources": [],
                "sid": "EKSClusterAssumeRole"
              }
            ],
            "version": "2012-10-17"
          }
        }
      ]
    },
    {
      "module": "module.tidb-operator.module.eks",
      "mode": "data",
      "type": "aws_iam_policy_document",
      "name": "worker_autoscaling",
      "provider": "provider.aws",
      "instances": [
        {
          "schema_version": 0,
          "attributes": {
            "id": "2336810661",
            "json": "{\n  \"Version\": \"2012-10-17\",\n  \"Statement\": [\n    {\n      \"Sid\": \"eksWorkerAutoscalingAll\",\n      \"Effect\": \"Allow\",\n      \"Action\": [\n        \"ec2:DescribeLaunchTemplateVersions\",\n        \"autoscaling:DescribeTags\",\n        \"autoscaling:DescribeLaunchConfigurations\",\n        \"autoscaling:DescribeAutoScalingInstances\",\n        \"autoscaling:DescribeAutoScalingGroups\"\n      ],\n      \"Resource\": \"*\"\n    },\n    {\n      \"Sid\": \"eksWorkerAutoscalingOwn\",\n      \"Effect\": \"Allow\",\n      \"Action\": [\n        \"autoscaling:UpdateAutoScalingGroup\",\n        \"autoscaling:TerminateInstanceInAutoScalingGroup\",\n        \"autoscaling:SetDesiredCapacity\"\n      ],\n      \"Resource\": \"*\",\n      \"Condition\": {\n        \"StringEquals\": {\n          \"autoscaling:ResourceTag/k8s.io/cluster-autoscaler/enabled\": \"true\",\n          \"autoscaling:ResourceTag/kubernetes.io/cluster/my-cluster\": \"owned\"\n        }\n      }\n    }\n  ]\n}",
            "override_json": null,
            "policy_id": null,
            "source_json": null,
            "statement": [
              {
                "actions": [
                  "autoscaling:DescribeAutoScalingGroups",
                  "autoscaling:DescribeAutoScalingInstances",
                  "autoscaling:DescribeLaunchConfigurations",
                  "autoscaling:DescribeTags",
                  "ec2:DescribeLaunchTemplateVersions"
                ],
                "condition": [],
                "effect": "Allow",
                "not_actions": [],
                "not_principals": [],
                "not_resources": [],
                "principals": [],
                "resources": [
                  "*"
                ],
                "sid": "eksWorkerAutoscalingAll"
              },
              {
                "actions": [
                  "autoscaling:SetDesiredCapacity",
                  "autoscaling:TerminateInstanceInAutoScalingGroup",
                  "autoscaling:UpdateAutoScalingGroup"
                ],
                "condition": [
                  {
                    "test": "StringEquals",
                    "values": [
                      "owned"
                    ],
                    "variable": "autoscaling:ResourceTag/kubernetes.io/cluster/my-cluster"
                  },
                  {
                    "test": "StringEquals",
                    "values": [
                      "true"
                    ],
                    "variable": "autoscaling:ResourceTag/k8s.io/cluster-autoscaler/enabled"
                  }
                ],
                "effect": "Allow",
                "not_actions": [],
                "not_principals": [],
                "not_resources": [],
                "principals": [],
                "resources": [
                  "*"
                ],
                "sid": "eksWorkerAutoscalingOwn"
              }
            ],
            "version": "2012-10-17"
          },
          "depends_on": [
            "aws_eks_cluster.this"
          ]
        }
      ]
    },
    {
      "module": "module.tidb-operator.module.eks",
      "mode": "data",
      "type": "aws_iam_policy_document",
      "name": "workers_assume_role_policy",
      "provider": "provider.aws",
      "instances": [
        {
          "schema_version": 0,
          "attributes": {
            "id": "3778018924",
            "json": "{\n  \"Version\": \"2012-10-17\",\n  \"Statement\": [\n    {\n      \"Sid\": \"EKSWorkerAssumeRole\",\n      \"Effect\": \"Allow\",\n      \"Action\": \"sts:AssumeRole\",\n      \"Principal\": {\n        \"Service\": \"ec2.amazonaws.com\"\n      }\n    }\n  ]\n}",
            "override_json": null,
            "policy_id": null,
            "source_json": null,
            "statement": [
              {
                "actions": [
                  "sts:AssumeRole"
                ],
                "condition": [],
                "effect": "Allow",
                "not_actions": [],
                "not_principals": [],
                "not_resources": [],
                "principals": [
                  {
                    "identifiers": [
                      "ec2.amazonaws.com"
                    ],
                    "type": "Service"
                  }
                ],
                "resources": [],
                "sid": "EKSWorkerAssumeRole"
              }
            ],
            "version": "2012-10-17"
          }
        }
      ]
    },
    {
      "module": "module.tidb-operator.module.eks",
      "mode": "data",
      "type": "aws_iam_role",
      "name": "custom_cluster_iam_role",
      "each": "list",
      "provider": "provider.aws",
      "instances": []
    },
    {
      "module": "module.tidb-operator.module.eks",
      "mode": "data",
      "type": "aws_region",
      "name": "current",
      "provider": "provider.aws",
      "instances": [
        {
          "schema_version": 0,
          "attributes": {
            "current": null,
            "description": "US West (Oregon)",
            "endpoint": "ec2.us-west-2.amazonaws.com",
            "id": "us-west-2",
            "name": "us-west-2"
          }
        }
      ]
    },
    {
      "module": "module.vpc",
      "mode": "data",
      "type": "aws_vpc_endpoint_service",
      "name": "apigw",
      "each": "list",
      "provider": "provider.aws",
      "instances": []
    },
    {
      "module": "module.vpc",
      "mode": "data",
      "type": "aws_vpc_endpoint_service",
      "name": "cloudtrail",
      "each": "list",
      "provider": "provider.aws",
      "instances": []
    },
    {
      "module": "module.vpc",
      "mode": "data",
      "type": "aws_vpc_endpoint_service",
      "name": "dynamodb",
      "each": "list",
      "provider": "provider.aws",
      "instances": []
    },
    {
      "module": "module.vpc",
      "mode": "data",
      "type": "aws_vpc_endpoint_service",
      "name": "ec2",
      "each": "list",
      "provider": "provider.aws",
      "instances": []
    },
    {
      "module": "module.vpc",
      "mode": "data",
      "type": "aws_vpc_endpoint_service",
      "name": "ec2messages",
      "each": "list",
      "provider": "provider.aws",
      "instances": []
    },
    {
      "module": "module.vpc",
      "mode": "data",
      "type": "aws_vpc_endpoint_service",
      "name": "ecr_api",
      "each": "list",
      "provider": "provider.aws",
      "instances": []
    },
    {
      "module": "module.vpc",
      "mode": "data",
      "type": "aws_vpc_endpoint_service",
      "name": "ecr_dkr",
      "each": "list",
      "provider": "provider.aws",
      "instances": []
    },
    {
      "module": "module.vpc",
      "mode": "data",
      "type": "aws_vpc_endpoint_service",
      "name": "ecs",
      "each": "list",
      "provider": "provider.aws",
      "instances": []
    },
    {
      "module": "module.vpc",
      "mode": "data",
      "type": "aws_vpc_endpoint_service",
      "name": "ecs_agent",
      "each": "list",
      "provider": "provider.aws",
      "instances": []
    },
    {
      "module": "module.vpc",
      "mode": "data",
      "type": "aws_vpc_endpoint_service",
      "name": "ecs_telemetry",
      "each": "list",
      "provider": "provider.aws",
      "instances": []
    },
    {
      "module": "module.vpc",
      "mode": "data",
      "type": "aws_vpc_endpoint_service",
      "name": "elasticloadbalancing",
      "each": "list",
      "provider": "provider.aws",
      "instances": []
    },
    {
      "module": "module.vpc",
      "mode": "data",
      "type": "aws_vpc_endpoint_service",
      "name": "events",
      "each": "list",
      "provider": "provider.aws",
      "instances": []
    },
    {
      "module": "module.vpc",
      "mode": "data",
      "type": "aws_vpc_endpoint_service",
      "name": "kms",
      "each": "list",
      "provider": "provider.aws",
      "instances": []
    },
    {
      "module": "module.vpc",
      "mode": "data",
      "type": "aws_vpc_endpoint_service",
      "name": "logs",
      "each": "list",
      "provider": "provider.aws",
      "instances": []
    },
    {
      "module": "module.vpc",
      "mode": "data",
      "type": "aws_vpc_endpoint_service",
      "name": "monitoring",
      "each": "list",
      "provider": "provider.aws",
      "instances": []
    },
    {
      "module": "module.vpc",
      "mode": "data",
      "type": "aws_vpc_endpoint_service",
      "name": "s3",
      "each": "list",
      "provider": "provider.aws",
      "instances": []
    },
    {
      "module": "module.vpc",
      "mode": "data",
      "type": "aws_vpc_endpoint_service",
      "name": "sns",
      "each": "list",
      "provider": "provider.aws",
      "instances": []
    },
    {
      "module": "module.vpc",
      "mode": "data",
      "type": "aws_vpc_endpoint_service",
      "name": "sqs",
      "each": "list",
      "provider": "provider.aws",
      "instances": []
    },
    {
      "module": "module.vpc",
      "mode": "data",
      "type": "aws_vpc_endpoint_service",
      "name": "ssm",
      "each": "list",
      "provider": "provider.aws",
      "instances": []
    },
    {
      "module": "module.vpc",
      "mode": "data",
      "type": "aws_vpc_endpoint_service",
      "name": "ssmmessages",
      "each": "list",
      "provider": "provider.aws",
      "instances": []
    },
    {
      "module": "module.default-cluster",
      "mode": "data",
      "type": "external",
      "name": "monitor_elb",
      "provider": "provider.external",
      "instances": []
    },
    {
      "module": "module.test-cluster",
      "mode": "data",
      "type": "external",
      "name": "monitor_elb",
      "provider": "provider.external",
      "instances": []
    },
    {
      "module": "module.default-cluster",
      "mode": "data",
      "type": "external",
      "name": "tidb_elb",
      "provider": "provider.external",
      "instances": []
    },
    {
      "module": "module.test-cluster",
      "mode": "data",
      "type": "external",
      "name": "tidb_elb",
      "provider": "provider.external",
      "instances": []
    },
    {
      "module": "module.default-cluster",
      "mode": "data",
      "type": "helm_repository",
      "name": "pingcap",
      "provider": "provider.helm.eks",
      "instances": []
    },
    {
      "module": "module.test-cluster",
      "mode": "data",
      "type": "helm_repository",
      "name": "pingcap",
      "provider": "provider.helm.eks",
      "instances": []
    },
    {
      "module": "module.tidb-operator",
      "mode": "data",
      "type": "helm_repository",
      "name": "pingcap",
      "provider": "module.tidb-operator.provider.helm",
      "instances": []
    },
    {
      "module": "module.tidb-operator.module.eks",
      "mode": "data",
      "type": "template_file",
      "name": "aws_authenticator_env_variables",
      "each": "list",
      "provider": "provider.template",
      "instances": []
    },
    {
      "module": "module.tidb-operator.module.eks",
      "mode": "data",
      "type": "template_file",
      "name": "config_map_aws_auth",
      "provider": "provider.template",
      "instances": [
        {
          "schema_version": 0,
          "attributes": {
            "filename": null,
            "id": "e30bd200646bbb687a3629838542cd2efd20aa6f4fe3dca6cc606fa4895ba608",
            "rendered": "apiVersion: v1\nkind: ConfigMap\nmetadata:\n  name: aws-auth\n  namespace: kube-system\ndata:\n  mapRoles: |\n    - rolearn: arn:aws:iam::385595570414:role/my-cluster20190702141950357100000005\n      username: system:node:{{EC2PrivateDNSName}}\n      groups:\n        - system:bootstrappers\n        - system:nodes\n\n\n  mapUsers: |\n\n  mapAccounts: |\n\n",
            "template": "apiVersion: v1\nkind: ConfigMap\nmetadata:\n  name: aws-auth\n  namespace: kube-system\ndata:\n  mapRoles: |\n${worker_role_arn}\n${map_roles}\n  mapUsers: |\n${map_users}\n  mapAccounts: |\n${map_accounts}\n",
            "vars": {
              "map_accounts": "",
              "map_roles": "",
              "map_users": "",
              "worker_role_arn": "    - rolearn: arn:aws:iam::385595570414:role/my-cluster20190702141950357100000005\n      username: system:node:{{EC2PrivateDNSName}}\n      groups:\n        - system:bootstrappers\n        - system:nodes\n"
            }
          },
          "depends_on": [
            "data.template_file.launch_template_mixed_worker_role_arns",
            "data.template_file.launch_template_worker_role_arns",
            "data.template_file.map_accounts",
            "data.template_file.map_roles",
            "data.template_file.map_users",
            "data.template_file.worker_role_arns"
          ]
        }
      ]
    },
    {
      "module": "module.tidb-operator.module.eks",
      "mode": "data",
      "type": "template_file",
      "name": "kubeconfig",
      "provider": "provider.template",
      "instances": [
        {
          "schema_version": 0,
          "attributes": {
            "filename": null,
            "id": "271318f91812c79d01834167167c38fb85a7b7fe82bc51b092b967bb138dc5a4",
            "rendered": "apiVersion: v1\npreferences: {}\nkind: Config\n\nclusters:\n- cluster:\n    server: https://2B09ED2329DF4012CC0A6705BFB14965.yl4.us-west-2.eks.amazonaws.com\n    certificate-authority-data: LS0tLS1CRUdJTiBDRVJUSUZJQ0FURS0tLS0tCk1JSUN5RENDQWJDZ0F3SUJBZ0lCQURBTkJna3Foa2lHOXcwQkFRc0ZBREFWTVJNd0VRWURWUVFERXdwcmRXSmwKY201bGRHVnpNQjRYRFRFNU1EY3dNakUwTVRZMU9Wb1hEVEk1TURZeU9URTBNVFkxT1Zvd0ZURVRNQkVHQTFVRQpBeE1LYTNWaVpYSnVaWFJsY3pDQ0FTSXdEUVlKS29aSWh2Y05BUUVCQlFBRGdnRVBBRENDQVFvQ2dnRUJBS0J4CmVKdlEzSldFbkZqckFBRVFVTDFUS0FTRURxaUt5QXlwd2JlN0UwVE5jQnBqR1kvUzFTZnRZMlZEOGtQbnFncjMKOHFuYXl3d1cvOERYdjEvN0t5OHdsU25GT2xuTjZZWk5vUm9jRFE2V1JNZ2Uzc3p5MFh3Ly9yWW5CQm8xeitFZQpHNnNVNzlXQjl4K1VKdWJNaWJ5NW9YYXNqUUNtZFVHOWkzVklMQTJHb1pGTnN0d1VOUTlTSUhaRlpIWkltVFRrCmdqcU11T3dxSGZJa3VDNlNDREUwTnhtSUVrWU8wb1J6WVdISCt6OEsxQjFhMGF2c1p4NzJGZjJ1UE5oTlE1RU0KQy95djFmL3daTDE2RHJBMURUTFJSWFlnbXQyL2lvQVRWRFpQdWhJQzkzWHNZMHI1blYrd2xWQml0NVZvYTJ5NAp6dXphdWhEM1gzMTBrZVBhUXVjQ0F3RUFBYU1qTUNFd0RnWURWUjBQQVFIL0JBUURBZ0trTUE4R0ExVWRFd0VCCi93UUZNQU1CQWY4d0RRWUpLb1pJaHZjTkFRRUxCUUFEZ2dFQkFJTDBObG1CRysrdjl3bjd0eHpiaGxoeWVOM2MKbUE3NTNUSTBROWlGenJ3SERkV3J3TnMrbW9XSzlRbUJhOG1YTmhyZUpIYXpPUWt0cUNHQkM4OFZkeXhHZE9PZwo2SWVQSnA2NW83YzRYSXdTY1lkai9wWXpLeHZXaS82Zi9aa000TzAxQUpUZkVaWWVEbmpmaXZkaGtzdkd2VVFuCjI5TDZmQkg2dXh5a3k0cVJraW9kTkppMHVIazdaNUVYNStMciszNzhBeHBKOEJVMFpwbk1sNVhNUFR1bzE5VysKR3B5UElVQXBUamtQdC9NemQ4czdyWDJmQWRaYW9vUUNvNEw4dkpGWHdudDBHUUpzL3c5S2tiYXcxY00xcXRZTQpFa3hDQno5M0l1OVhyUFVoMG9tdXVyR2d5akRLdUJoTkZCby8wOGMvZmx6UVlSVGRCRmpXNTY5c3VVQT0KLS0tLS1FTkQgQ0VSVElGSUNBVEUtLS0tLQo=\n  name: eks_my-cluster\n\ncontexts:\n- context:\n    cluster: eks_my-cluster\n    user: eks_my-cluster\n  name: eks_my-cluster\n\ncurrent-context: eks_my-cluster\n\nusers:\n- name: eks_my-cluster\n  user:\n    exec:\n      apiVersion: client.authentication.k8s.io/v1alpha1\n      command: aws-iam-authenticator\n      args:\n        - \"token\"\n        - \"-i\"\n        - \"my-cluster\"\n\n\n",
            "template": "apiVersion: v1\npreferences: {}\nkind: Config\n\nclusters:\n- cluster:\n    server: ${endpoint}\n    certificate-authority-data: ${cluster_auth_base64}\n  name: ${kubeconfig_name}\n\ncontexts:\n- context:\n    cluster: ${kubeconfig_name}\n    user: ${kubeconfig_name}\n  name: ${kubeconfig_name}\n\ncurrent-context: ${kubeconfig_name}\n\nusers:\n- name: ${kubeconfig_name}\n  user:\n    exec:\n      apiVersion: client.authentication.k8s.io/v1alpha1\n      command: ${aws_authenticator_command}\n      args:\n${aws_authenticator_command_args}\n${aws_authenticator_additional_args}\n${aws_authenticator_env_variables}\n",
            "vars": {
              "aws_authenticator_additional_args": "",
              "aws_authenticator_command": "aws-iam-authenticator",
              "aws_authenticator_command_args": "        - \"token\"\n        - \"-i\"\n        - \"my-cluster\"",
              "aws_authenticator_env_variables": "",
              "cluster_auth_base64": "LS0tLS1CRUdJTiBDRVJUSUZJQ0FURS0tLS0tCk1JSUN5RENDQWJDZ0F3SUJBZ0lCQURBTkJna3Foa2lHOXcwQkFRc0ZBREFWTVJNd0VRWURWUVFERXdwcmRXSmwKY201bGRHVnpNQjRYRFRFNU1EY3dNakUwTVRZMU9Wb1hEVEk1TURZeU9URTBNVFkxT1Zvd0ZURVRNQkVHQTFVRQpBeE1LYTNWaVpYSnVaWFJsY3pDQ0FTSXdEUVlKS29aSWh2Y05BUUVCQlFBRGdnRVBBRENDQVFvQ2dnRUJBS0J4CmVKdlEzSldFbkZqckFBRVFVTDFUS0FTRURxaUt5QXlwd2JlN0UwVE5jQnBqR1kvUzFTZnRZMlZEOGtQbnFncjMKOHFuYXl3d1cvOERYdjEvN0t5OHdsU25GT2xuTjZZWk5vUm9jRFE2V1JNZ2Uzc3p5MFh3Ly9yWW5CQm8xeitFZQpHNnNVNzlXQjl4K1VKdWJNaWJ5NW9YYXNqUUNtZFVHOWkzVklMQTJHb1pGTnN0d1VOUTlTSUhaRlpIWkltVFRrCmdqcU11T3dxSGZJa3VDNlNDREUwTnhtSUVrWU8wb1J6WVdISCt6OEsxQjFhMGF2c1p4NzJGZjJ1UE5oTlE1RU0KQy95djFmL3daTDE2RHJBMURUTFJSWFlnbXQyL2lvQVRWRFpQdWhJQzkzWHNZMHI1blYrd2xWQml0NVZvYTJ5NAp6dXphdWhEM1gzMTBrZVBhUXVjQ0F3RUFBYU1qTUNFd0RnWURWUjBQQVFIL0JBUURBZ0trTUE4R0ExVWRFd0VCCi93UUZNQU1CQWY4d0RRWUpLb1pJaHZjTkFRRUxCUUFEZ2dFQkFJTDBObG1CRysrdjl3bjd0eHpiaGxoeWVOM2MKbUE3NTNUSTBROWlGenJ3SERkV3J3TnMrbW9XSzlRbUJhOG1YTmhyZUpIYXpPUWt0cUNHQkM4OFZkeXhHZE9PZwo2SWVQSnA2NW83YzRYSXdTY1lkai9wWXpLeHZXaS82Zi9aa000TzAxQUpUZkVaWWVEbmpmaXZkaGtzdkd2VVFuCjI5TDZmQkg2dXh5a3k0cVJraW9kTkppMHVIazdaNUVYNStMciszNzhBeHBKOEJVMFpwbk1sNVhNUFR1bzE5VysKR3B5UElVQXBUamtQdC9NemQ4czdyWDJmQWRaYW9vUUNvNEw4dkpGWHdudDBHUUpzL3c5S2tiYXcxY00xcXRZTQpFa3hDQno5M0l1OVhyUFVoMG9tdXVyR2d5akRLdUJoTkZCby8wOGMvZmx6UVlSVGRCRmpXNTY5c3VVQT0KLS0tLS1FTkQgQ0VSVElGSUNBVEUtLS0tLQo=",
              "endpoint": "https://2B09ED2329DF4012CC0A6705BFB14965.yl4.us-west-2.eks.amazonaws.com",
              "kubeconfig_name": "eks_my-cluster",
              "region": "us-west-2"
            }
          },
          "depends_on": [
            "aws_eks_cluster.this",
            "data.aws_region.current",
            "data.template_file.aws_authenticator_env_variables"
          ]
        }
      ]
    },
    {
      "module": "module.tidb-operator.module.eks",
      "mode": "data",
      "type": "template_file",
      "name": "launch_template_mixed_worker_role_arns",
      "each": "list",
      "provider": "provider.template",
      "instances": []
    },
    {
      "module": "module.default-cluster",
      "mode": "data",
      "type": "template_file",
      "name": "launch_template_userdata",
      "each": "list",
      "provider": "provider.template",
      "instances": []
    },
    {
      "module": "module.test-cluster",
      "mode": "data",
      "type": "template_file",
      "name": "launch_template_userdata",
      "each": "list",
      "provider": "provider.template",
      "instances": []
    },
    {
      "module": "module.tidb-operator.module.eks",
      "mode": "data",
      "type": "template_file",
      "name": "launch_template_userdata",
      "each": "list",
      "provider": "provider.template",
      "instances": []
    },
    {
      "module": "module.tidb-operator.module.eks",
      "mode": "data",
      "type": "template_file",
      "name": "launch_template_worker_role_arns",
      "each": "list",
      "provider": "provider.template",
      "instances": []
    },
    {
      "module": "module.tidb-operator.module.eks",
      "mode": "data",
      "type": "template_file",
      "name": "map_accounts",
      "each": "list",
      "provider": "provider.template",
      "instances": []
    },
    {
      "module": "module.tidb-operator.module.eks",
      "mode": "data",
      "type": "template_file",
      "name": "map_roles",
      "each": "list",
      "provider": "provider.template",
      "instances": []
    },
    {
      "module": "module.tidb-operator.module.eks",
      "mode": "data",
      "type": "template_file",
      "name": "map_users",
      "each": "list",
      "provider": "provider.template",
      "instances": []
    },
    {
      "module": "module.default-cluster",
      "mode": "data",
      "type": "template_file",
      "name": "userdata",
      "each": "list",
      "provider": "provider.template",
      "instances": []
    },
    {
      "module": "module.test-cluster",
      "mode": "data",
      "type": "template_file",
      "name": "userdata",
      "each": "list",
      "provider": "provider.template",
      "instances": []
    },
    {
      "module": "module.tidb-operator.module.eks",
      "mode": "data",
      "type": "template_file",
      "name": "userdata",
      "each": "list",
      "provider": "provider.template",
      "instances": [
        {
          "index_key": 0,
          "schema_version": 0,
          "attributes": {
            "filename": null,
            "id": "4a99c387d5c0bc4b5f2dbea53b336e9dd3bd912664fab7c8261b0394938c1ce9",
            "rendered": "#!/bin/bash -xe\n\n# Allow user supplied pre userdata code\n\n\n# Bootstrap and join the cluster\n/etc/eks/bootstrap.sh --b64-cluster-ca 'LS0tLS1CRUdJTiBDRVJUSUZJQ0FURS0tLS0tCk1JSUN5RENDQWJDZ0F3SUJBZ0lCQURBTkJna3Foa2lHOXcwQkFRc0ZBREFWTVJNd0VRWURWUVFERXdwcmRXSmwKY201bGRHVnpNQjRYRFRFNU1EY3dNakUwTVRZMU9Wb1hEVEk1TURZeU9URTBNVFkxT1Zvd0ZURVRNQkVHQTFVRQpBeE1LYTNWaVpYSnVaWFJsY3pDQ0FTSXdEUVlKS29aSWh2Y05BUUVCQlFBRGdnRVBBRENDQVFvQ2dnRUJBS0J4CmVKdlEzSldFbkZqckFBRVFVTDFUS0FTRURxaUt5QXlwd2JlN0UwVE5jQnBqR1kvUzFTZnRZMlZEOGtQbnFncjMKOHFuYXl3d1cvOERYdjEvN0t5OHdsU25GT2xuTjZZWk5vUm9jRFE2V1JNZ2Uzc3p5MFh3Ly9yWW5CQm8xeitFZQpHNnNVNzlXQjl4K1VKdWJNaWJ5NW9YYXNqUUNtZFVHOWkzVklMQTJHb1pGTnN0d1VOUTlTSUhaRlpIWkltVFRrCmdqcU11T3dxSGZJa3VDNlNDREUwTnhtSUVrWU8wb1J6WVdISCt6OEsxQjFhMGF2c1p4NzJGZjJ1UE5oTlE1RU0KQy95djFmL3daTDE2RHJBMURUTFJSWFlnbXQyL2lvQVRWRFpQdWhJQzkzWHNZMHI1blYrd2xWQml0NVZvYTJ5NAp6dXphdWhEM1gzMTBrZVBhUXVjQ0F3RUFBYU1qTUNFd0RnWURWUjBQQVFIL0JBUURBZ0trTUE4R0ExVWRFd0VCCi93UUZNQU1CQWY4d0RRWUpLb1pJaHZjTkFRRUxCUUFEZ2dFQkFJTDBObG1CRysrdjl3bjd0eHpiaGxoeWVOM2MKbUE3NTNUSTBROWlGenJ3SERkV3J3TnMrbW9XSzlRbUJhOG1YTmhyZUpIYXpPUWt0cUNHQkM4OFZkeXhHZE9PZwo2SWVQSnA2NW83YzRYSXdTY1lkai9wWXpLeHZXaS82Zi9aa000TzAxQUpUZkVaWWVEbmpmaXZkaGtzdkd2VVFuCjI5TDZmQkg2dXh5a3k0cVJraW9kTkppMHVIazdaNUVYNStMciszNzhBeHBKOEJVMFpwbk1sNVhNUFR1bzE5VysKR3B5UElVQXBUamtQdC9NemQ4czdyWDJmQWRaYW9vUUNvNEw4dkpGWHdudDBHUUpzL3c5S2tiYXcxY00xcXRZTQpFa3hDQno5M0l1OVhyUFVoMG9tdXVyR2d5akRLdUJoTkZCby8wOGMvZmx6UVlSVGRCRmpXNTY5c3VVQT0KLS0tLS1FTkQgQ0VSVElGSUNBVEUtLS0tLQo=' --apiserver-endpoint 'https://2B09ED2329DF4012CC0A6705BFB14965.yl4.us-west-2.eks.amazonaws.com'  --kubelet-extra-args '' 'my-cluster'\n\n# Allow user supplied userdata code\n\n",
            "template": "#!/bin/bash -xe\n\n# Allow user supplied pre userdata code\n${pre_userdata}\n\n# Bootstrap and join the cluster\n/etc/eks/bootstrap.sh --b64-cluster-ca '${cluster_auth_base64}' --apiserver-endpoint '${endpoint}' ${bootstrap_extra_args} --kubelet-extra-args '${kubelet_extra_args}' '${cluster_name}'\n\n# Allow user supplied userdata code\n${additional_userdata}\n",
            "vars": {
              "additional_userdata": "",
              "bootstrap_extra_args": "",
              "cluster_auth_base64": "LS0tLS1CRUdJTiBDRVJUSUZJQ0FURS0tLS0tCk1JSUN5RENDQWJDZ0F3SUJBZ0lCQURBTkJna3Foa2lHOXcwQkFRc0ZBREFWTVJNd0VRWURWUVFERXdwcmRXSmwKY201bGRHVnpNQjRYRFRFNU1EY3dNakUwTVRZMU9Wb1hEVEk1TURZeU9URTBNVFkxT1Zvd0ZURVRNQkVHQTFVRQpBeE1LYTNWaVpYSnVaWFJsY3pDQ0FTSXdEUVlKS29aSWh2Y05BUUVCQlFBRGdnRVBBRENDQVFvQ2dnRUJBS0J4CmVKdlEzSldFbkZqckFBRVFVTDFUS0FTRURxaUt5QXlwd2JlN0UwVE5jQnBqR1kvUzFTZnRZMlZEOGtQbnFncjMKOHFuYXl3d1cvOERYdjEvN0t5OHdsU25GT2xuTjZZWk5vUm9jRFE2V1JNZ2Uzc3p5MFh3Ly9yWW5CQm8xeitFZQpHNnNVNzlXQjl4K1VKdWJNaWJ5NW9YYXNqUUNtZFVHOWkzVklMQTJHb1pGTnN0d1VOUTlTSUhaRlpIWkltVFRrCmdqcU11T3dxSGZJa3VDNlNDREUwTnhtSUVrWU8wb1J6WVdISCt6OEsxQjFhMGF2c1p4NzJGZjJ1UE5oTlE1RU0KQy95djFmL3daTDE2RHJBMURUTFJSWFlnbXQyL2lvQVRWRFpQdWhJQzkzWHNZMHI1blYrd2xWQml0NVZvYTJ5NAp6dXphdWhEM1gzMTBrZVBhUXVjQ0F3RUFBYU1qTUNFd0RnWURWUjBQQVFIL0JBUURBZ0trTUE4R0ExVWRFd0VCCi93UUZNQU1CQWY4d0RRWUpLb1pJaHZjTkFRRUxCUUFEZ2dFQkFJTDBObG1CRysrdjl3bjd0eHpiaGxoeWVOM2MKbUE3NTNUSTBROWlGenJ3SERkV3J3TnMrbW9XSzlRbUJhOG1YTmhyZUpIYXpPUWt0cUNHQkM4OFZkeXhHZE9PZwo2SWVQSnA2NW83YzRYSXdTY1lkai9wWXpLeHZXaS82Zi9aa000TzAxQUpUZkVaWWVEbmpmaXZkaGtzdkd2VVFuCjI5TDZmQkg2dXh5a3k0cVJraW9kTkppMHVIazdaNUVYNStMciszNzhBeHBKOEJVMFpwbk1sNVhNUFR1bzE5VysKR3B5UElVQXBUamtQdC9NemQ4czdyWDJmQWRaYW9vUUNvNEw4dkpGWHdudDBHUUpzL3c5S2tiYXcxY00xcXRZTQpFa3hDQno5M0l1OVhyUFVoMG9tdXVyR2d5akRLdUJoTkZCby8wOGMvZmx6UVlSVGRCRmpXNTY5c3VVQT0KLS0tLS1FTkQgQ0VSVElGSUNBVEUtLS0tLQo=",
              "cluster_name": "my-cluster",
              "endpoint": "https://2B09ED2329DF4012CC0A6705BFB14965.yl4.us-west-2.eks.amazonaws.com",
              "kubelet_extra_args": "",
              "pre_userdata": ""
            }
          },
          "depends_on": [
            "aws_eks_cluster.this"
          ]
        }
      ]
    },
    {
      "module": "module.tidb-operator.module.eks",
      "mode": "data",
      "type": "template_file",
      "name": "worker_role_arns",
      "each": "list",
      "provider": "provider.template",
      "instances": [
        {
          "index_key": 0,
          "schema_version": 0,
          "attributes": {
            "filename": null,
            "id": "43e544b6f14ee17b5fe2c31f073e3ea86423a3b01f4f5733a32fc3e21b0326d2",
            "rendered": "    - rolearn: arn:aws:iam::385595570414:role/my-cluster20190702141950357100000005\n      username: system:node:{{EC2PrivateDNSName}}\n      groups:\n        - system:bootstrappers\n        - system:nodes\n",
            "template": "    - rolearn: ${worker_role_arn}\n      username: system:node:{{EC2PrivateDNSName}}\n      groups:\n        - system:bootstrappers\n        - system:nodes\n",
            "vars": {
              "worker_role_arn": "arn:aws:iam::385595570414:role/my-cluster20190702141950357100000005"
            }
          },
          "depends_on": [
            "aws_iam_instance_profile.workers",
            "data.aws_caller_identity.current",
            "data.aws_iam_instance_profile.custom_worker_group_iam_instance_profile"
          ]
        }
      ]
    },
    {
      "module": "module.tidb-operator.module.eks",
      "mode": "data",
      "type": "template_file",
      "name": "workers_launch_template_mixed",
      "each": "list",
      "provider": "provider.template",
      "instances": []
    },
    {
      "module": "module.default-cluster",
      "mode": "managed",
      "type": "aws_autoscaling_group",
      "name": "workers",
      "each": "list",
      "provider": "provider.aws",
      "instances": []
    },
    {
      "module": "module.test-cluster",
      "mode": "managed",
      "type": "aws_autoscaling_group",
      "name": "workers",
      "each": "list",
      "provider": "provider.aws",
      "instances": []
    },
    {
      "module": "module.tidb-operator.module.eks",
      "mode": "managed",
      "type": "aws_autoscaling_group",
      "name": "workers",
      "each": "list",
      "provider": "provider.aws",
      "instances": [
        {
          "index_key": 0,
          "schema_version": 0,
          "attributes": {
            "arn": "arn:aws:autoscaling:us-west-2:385595570414:autoScalingGroup:af99cd65-847c-402b-8d7a-834df71b543b:autoScalingGroupName/my-cluster-my-cluster-control2019070214202285200000000e",
            "availability_zones": [
              "us-west-2a",
              "us-west-2b",
              "us-west-2c"
            ],
            "default_cooldown": 300,
            "desired_capacity": 1,
            "enabled_metrics": [],
            "force_delete": false,
            "health_check_grace_period": 300,
            "health_check_type": "EC2",
            "id": "my-cluster-my-cluster-control2019070214202285200000000e",
            "initial_lifecycle_hook": [],
            "launch_configuration": "my-cluster-my-cluster-control2019070214201744850000000d",
            "launch_template": [],
            "load_balancers": [],
            "max_size": 3,
            "metrics_granularity": "1Minute",
            "min_elb_capacity": null,
            "min_size": 1,
            "mixed_instances_policy": [],
            "name": "my-cluster-my-cluster-control2019070214202285200000000e",
            "name_prefix": "my-cluster-my-cluster-control",
            "placement_group": "",
            "protect_from_scale_in": false,
            "service_linked_role_arn": "arn:aws:iam::385595570414:role/aws-service-role/autoscaling.amazonaws.com/AWSServiceRoleForAutoScaling",
            "suspended_processes": [
              "AZRebalance"
            ],
            "tag": [],
            "tags": [
              {
                "key": "Name",
                "propagate_at_launch": "true",
                "value": "my-cluster-my-cluster-control-eks_asg"
              },
              {
                "key": "kubernetes.io/cluster/my-cluster",
                "propagate_at_launch": "true",
                "value": "owned"
              },
              {
                "key": "k8s.io/cluster-autoscaler/disabled",
                "propagate_at_launch": "false",
                "value": "true"
              },
              {
                "key": "k8s.io/cluster-autoscaler/my-cluster",
                "propagate_at_launch": "false",
                "value": "my-cluster"
              },
              {
                "key": "k8s.io/cluster-autoscaler/node-template/resources/ephemeral-storage",
                "propagate_at_launch": "false",
                "value": "100Gi"
              },
              {
                "key": "app",
                "propagate_at_launch": "true",
                "value": "tidb"
              }
            ],
            "target_group_arns": [],
            "termination_policies": [],
            "timeouts": null,
            "vpc_zone_identifier": [
              "subnet-01c62f5324fe05605",
              "subnet-0869b629c725c799c",
              "subnet-08b8c355f30ed58ba"
            ],
            "wait_for_capacity_timeout": "10m",
            "wait_for_elb_capacity": null
          },
          "private": "eyJlMmJmYjczMC1lY2FhLTExZTYtOGY4OC0zNDM2M2JjN2M0YzAiOnsiZGVsZXRlIjo2MDAwMDAwMDAwMDB9fQ==",
          "depends_on": [
            "aws_eks_cluster.this",
            "aws_launch_configuration.workers"
          ]
        }
      ]
    },
    {
      "module": "module.default-cluster",
      "mode": "managed",
      "type": "aws_autoscaling_group",
      "name": "workers_launch_template",
      "each": "list",
      "provider": "provider.aws",
      "instances": []
    },
    {
      "module": "module.test-cluster",
      "mode": "managed",
      "type": "aws_autoscaling_group",
      "name": "workers_launch_template",
      "each": "list",
      "provider": "provider.aws",
      "instances": []
    },
    {
      "module": "module.tidb-operator.module.eks",
      "mode": "managed",
      "type": "aws_autoscaling_group",
      "name": "workers_launch_template",
      "each": "list",
      "provider": "provider.aws",
      "instances": []
    },
    {
      "module": "module.tidb-operator.module.eks",
      "mode": "managed",
      "type": "aws_autoscaling_group",
      "name": "workers_launch_template_mixed",
      "each": "list",
      "provider": "provider.aws",
      "instances": []
    },
    {
      "module": "module.tidb-operator.module.eks",
      "mode": "managed",
      "type": "aws_cloudwatch_log_group",
      "name": "this",
      "each": "list",
      "provider": "provider.aws",
      "instances": []
    },
    {
      "module": "module.vpc",
      "mode": "managed",
      "type": "aws_db_subnet_group",
      "name": "database",
      "each": "list",
      "provider": "provider.aws",
      "instances": []
    },
    {
      "module": "module.vpc",
      "mode": "managed",
      "type": "aws_default_network_acl",
      "name": "this",
      "each": "list",
      "provider": "provider.aws",
      "instances": []
    },
    {
      "module": "module.vpc",
      "mode": "managed",
      "type": "aws_default_vpc",
      "name": "this",
      "each": "list",
      "provider": "provider.aws",
      "instances": []
    },
    {
      "module": "module.vpc",
      "mode": "managed",
      "type": "aws_eip",
      "name": "nat",
      "each": "list",
      "provider": "provider.aws",
      "instances": []
    },
    {
      "module": "module.tidb-operator.module.eks",
      "mode": "managed",
      "type": "aws_eks_cluster",
      "name": "this",
      "provider": "provider.aws",
      "instances": [
        {
          "schema_version": 0,
          "attributes": {
            "arn": "arn:aws:eks:us-west-2:385595570414:cluster/my-cluster",
            "certificate_authority": [
              {
                "data": "LS0tLS1CRUdJTiBDRVJUSUZJQ0FURS0tLS0tCk1JSUN5RENDQWJDZ0F3SUJBZ0lCQURBTkJna3Foa2lHOXcwQkFRc0ZBREFWTVJNd0VRWURWUVFERXdwcmRXSmwKY201bGRHVnpNQjRYRFRFNU1EY3dNakUwTVRZMU9Wb1hEVEk1TURZeU9URTBNVFkxT1Zvd0ZURVRNQkVHQTFVRQpBeE1LYTNWaVpYSnVaWFJsY3pDQ0FTSXdEUVlKS29aSWh2Y05BUUVCQlFBRGdnRVBBRENDQVFvQ2dnRUJBS0J4CmVKdlEzSldFbkZqckFBRVFVTDFUS0FTRURxaUt5QXlwd2JlN0UwVE5jQnBqR1kvUzFTZnRZMlZEOGtQbnFncjMKOHFuYXl3d1cvOERYdjEvN0t5OHdsU25GT2xuTjZZWk5vUm9jRFE2V1JNZ2Uzc3p5MFh3Ly9yWW5CQm8xeitFZQpHNnNVNzlXQjl4K1VKdWJNaWJ5NW9YYXNqUUNtZFVHOWkzVklMQTJHb1pGTnN0d1VOUTlTSUhaRlpIWkltVFRrCmdqcU11T3dxSGZJa3VDNlNDREUwTnhtSUVrWU8wb1J6WVdISCt6OEsxQjFhMGF2c1p4NzJGZjJ1UE5oTlE1RU0KQy95djFmL3daTDE2RHJBMURUTFJSWFlnbXQyL2lvQVRWRFpQdWhJQzkzWHNZMHI1blYrd2xWQml0NVZvYTJ5NAp6dXphdWhEM1gzMTBrZVBhUXVjQ0F3RUFBYU1qTUNFd0RnWURWUjBQQVFIL0JBUURBZ0trTUE4R0ExVWRFd0VCCi93UUZNQU1CQWY4d0RRWUpLb1pJaHZjTkFRRUxCUUFEZ2dFQkFJTDBObG1CRysrdjl3bjd0eHpiaGxoeWVOM2MKbUE3NTNUSTBROWlGenJ3SERkV3J3TnMrbW9XSzlRbUJhOG1YTmhyZUpIYXpPUWt0cUNHQkM4OFZkeXhHZE9PZwo2SWVQSnA2NW83YzRYSXdTY1lkai9wWXpLeHZXaS82Zi9aa000TzAxQUpUZkVaWWVEbmpmaXZkaGtzdkd2VVFuCjI5TDZmQkg2dXh5a3k0cVJraW9kTkppMHVIazdaNUVYNStMciszNzhBeHBKOEJVMFpwbk1sNVhNUFR1bzE5VysKR3B5UElVQXBUamtQdC9NemQ4czdyWDJmQWRaYW9vUUNvNEw4dkpGWHdudDBHUUpzL3c5S2tiYXcxY00xcXRZTQpFa3hDQno5M0l1OVhyUFVoMG9tdXVyR2d5akRLdUJoTkZCby8wOGMvZmx6UVlSVGRCRmpXNTY5c3VVQT0KLS0tLS1FTkQgQ0VSVElGSUNBVEUtLS0tLQo="
              }
            ],
            "created_at": "2019-07-02 14:09:27 +0000 UTC",
            "enabled_cluster_log_types": [],
            "endpoint": "https://2B09ED2329DF4012CC0A6705BFB14965.yl4.us-west-2.eks.amazonaws.com",
            "id": "my-cluster",
            "name": "my-cluster",
            "platform_version": "eks.2",
            "role_arn": "arn:aws:iam::385595570414:role/my-cluster20190702140850744000000001",
            "timeouts": {
              "create": "15m",
              "delete": "15m",
              "update": null
            },
            "version": "1.12",
            "vpc_config": [
              {
                "endpoint_private_access": false,
                "endpoint_public_access": true,
                "security_group_ids": [
                  "sg-049b5a71010e17d3f"
                ],
                "subnet_ids": [
                  "subnet-01c62f5324fe05605",
                  "subnet-0869b629c725c799c",
                  "subnet-08b8c355f30ed58ba"
                ],
                "vpc_id": "vpc-045ead8290dd948d4"
              }
            ]
          },
          "private": "eyJlMmJmYjczMC1lY2FhLTExZTYtOGY4OC0zNDM2M2JjN2M0YzAiOnsiY3JlYXRlIjo5MDAwMDAwMDAwMDAsImRlbGV0ZSI6OTAwMDAwMDAwMDAwLCJ1cGRhdGUiOjM2MDAwMDAwMDAwMDB9fQ==",
          "depends_on": [
            "aws_cloudwatch_log_group.this",
            "aws_iam_role_policy_attachment.cluster_AmazonEKSClusterPolicy",
            "aws_iam_role_policy_attachment.cluster_AmazonEKSServicePolicy"
          ]
        }
      ]
    },
    {
      "module": "module.vpc",
      "mode": "managed",
      "type": "aws_elasticache_subnet_group",
      "name": "elasticache",
      "each": "list",
      "provider": "provider.aws",
      "instances": []
    },
    {
      "module": "module.tidb-operator.module.eks",
      "mode": "managed",
      "type": "aws_iam_instance_profile",
      "name": "workers",
      "each": "list",
      "provider": "provider.aws",
      "instances": [
        {
          "index_key": 0,
          "schema_version": 0,
          "attributes": {
            "arn": "arn:aws:iam::385595570414:instance-profile/my-cluster20190702141952556900000008",
            "create_date": "2019-07-02T14:19:53Z",
            "id": "my-cluster20190702141952556900000008",
            "name": "my-cluster20190702141952556900000008",
            "name_prefix": "my-cluster",
            "path": "/",
            "role": "my-cluster20190702141950357100000005",
            "roles": [
              "my-cluster20190702141950357100000005"
            ],
            "unique_id": "AIPAVTR2JPDXMT2SSY5OY"
          },
          "private": "bnVsbA==",
          "depends_on": [
            "aws_eks_cluster.this"
          ]
        }
      ]
    },
    {
      "module": "module.default-cluster",
      "mode": "managed",
      "type": "aws_iam_instance_profile",
      "name": "workers_launch_template",
      "each": "list",
      "provider": "provider.aws",
      "instances": []
    },
    {
      "module": "module.test-cluster",
      "mode": "managed",
      "type": "aws_iam_instance_profile",
      "name": "workers_launch_template",
      "each": "list",
      "provider": "provider.aws",
      "instances": []
    },
    {
      "module": "module.tidb-operator.module.eks",
      "mode": "managed",
      "type": "aws_iam_instance_profile",
      "name": "workers_launch_template",
      "each": "list",
      "provider": "provider.aws",
      "instances": []
    },
    {
      "module": "module.tidb-operator.module.eks",
      "mode": "managed",
      "type": "aws_iam_instance_profile",
      "name": "workers_launch_template_mixed",
      "each": "list",
      "provider": "provider.aws",
      "instances": []
    },
    {
      "module": "module.tidb-operator.module.eks",
      "mode": "managed",
      "type": "aws_iam_policy",
      "name": "worker_autoscaling",
      "each": "list",
      "provider": "provider.aws",
      "instances": [
        {
          "index_key": 0,
          "schema_version": 0,
          "attributes": {
            "arn": "arn:aws:iam::385595570414:policy/eks-worker-autoscaling-my-cluster20190702141950399500000007",
            "description": "EKS worker node autoscaling policy for cluster my-cluster",
            "id": "arn:aws:iam::385595570414:policy/eks-worker-autoscaling-my-cluster20190702141950399500000007",
            "name": "eks-worker-autoscaling-my-cluster20190702141950399500000007",
            "name_prefix": "eks-worker-autoscaling-my-cluster",
            "path": "/",
            "policy": "{\n  \"Version\": \"2012-10-17\",\n  \"Statement\": [\n    {\n      \"Sid\": \"eksWorkerAutoscalingAll\",\n      \"Effect\": \"Allow\",\n      \"Action\": [\n        \"ec2:DescribeLaunchTemplateVersions\",\n        \"autoscaling:DescribeTags\",\n        \"autoscaling:DescribeLaunchConfigurations\",\n        \"autoscaling:DescribeAutoScalingInstances\",\n        \"autoscaling:DescribeAutoScalingGroups\"\n      ],\n      \"Resource\": \"*\"\n    },\n    {\n      \"Sid\": \"eksWorkerAutoscalingOwn\",\n      \"Effect\": \"Allow\",\n      \"Action\": [\n        \"autoscaling:UpdateAutoScalingGroup\",\n        \"autoscaling:TerminateInstanceInAutoScalingGroup\",\n        \"autoscaling:SetDesiredCapacity\"\n      ],\n      \"Resource\": \"*\",\n      \"Condition\": {\n        \"StringEquals\": {\n          \"autoscaling:ResourceTag/k8s.io/cluster-autoscaler/enabled\": \"true\",\n          \"autoscaling:ResourceTag/kubernetes.io/cluster/my-cluster\": \"owned\"\n        }\n      }\n    }\n  ]\n}"
          },
          "private": "bnVsbA==",
          "depends_on": [
            "aws_eks_cluster.this",
            "data.aws_iam_policy_document.worker_autoscaling"
          ]
        }
      ]
    },
    {
      "module": "module.tidb-operator.module.eks",
      "mode": "managed",
      "type": "aws_iam_role",
      "name": "cluster",
      "each": "list",
      "provider": "provider.aws",
      "instances": [
        {
          "index_key": 0,
          "schema_version": 0,
          "attributes": {
            "arn": "arn:aws:iam::385595570414:role/my-cluster20190702140850744000000001",
            "assume_role_policy": "{\"Version\":\"2012-10-17\",\"Statement\":[{\"Sid\":\"EKSClusterAssumeRole\",\"Effect\":\"Allow\",\"Principal\":{\"Service\":\"eks.amazonaws.com\"},\"Action\":\"sts:AssumeRole\"}]}",
            "create_date": "2019-07-02T14:08:52Z",
            "description": "",
            "force_detach_policies": true,
            "id": "my-cluster20190702140850744000000001",
            "max_session_duration": 3600,
            "name": "my-cluster20190702140850744000000001",
            "name_prefix": "my-cluster",
            "path": "/",
            "permissions_boundary": null,
            "tags": {
              "app": "tidb"
            },
            "unique_id": "AROAVTR2JPDXFAOM7QD2V"
          },
          "private": "bnVsbA==",
          "depends_on": [
            "data.aws_iam_policy_document.cluster_assume_role_policy"
          ]
        }
      ]
    },
    {
      "module": "module.tidb-operator.module.eks",
      "mode": "managed",
      "type": "aws_iam_role",
      "name": "workers",
      "each": "list",
      "provider": "provider.aws",
      "instances": [
        {
          "index_key": 0,
          "schema_version": 0,
          "attributes": {
            "arn": "arn:aws:iam::385595570414:role/my-cluster20190702141950357100000005",
            "assume_role_policy": "{\"Version\":\"2012-10-17\",\"Statement\":[{\"Sid\":\"EKSWorkerAssumeRole\",\"Effect\":\"Allow\",\"Principal\":{\"Service\":\"ec2.amazonaws.com\"},\"Action\":\"sts:AssumeRole\"}]}",
            "create_date": "2019-07-02T14:19:51Z",
            "description": "",
            "force_detach_policies": true,
            "id": "my-cluster20190702141950357100000005",
            "max_session_duration": 3600,
            "name": "my-cluster20190702141950357100000005",
            "name_prefix": "my-cluster",
            "path": "/",
            "permissions_boundary": null,
            "tags": {},
            "unique_id": "AROAVTR2JPDXOBSTW46SB"
          },
          "private": "bnVsbA==",
          "depends_on": [
            "aws_eks_cluster.this",
            "data.aws_iam_policy_document.workers_assume_role_policy"
          ]
        }
      ]
    },
    {
      "module": "module.tidb-operator.module.eks",
      "mode": "managed",
      "type": "aws_iam_role_policy_attachment",
      "name": "cluster_AmazonEKSClusterPolicy",
      "each": "list",
      "provider": "provider.aws",
      "instances": [
        {
          "index_key": 0,
          "schema_version": 0,
          "attributes": {
            "id": "my-cluster20190702140850744000000001-20190702140855882500000002",
            "policy_arn": "arn:aws:iam::aws:policy/AmazonEKSClusterPolicy",
            "role": "my-cluster20190702140850744000000001"
          },
          "private": "bnVsbA==",
          "depends_on": [
            "aws_iam_role.cluster[0]"
          ]
        }
      ]
    },
    {
      "module": "module.tidb-operator.module.eks",
      "mode": "managed",
      "type": "aws_iam_role_policy_attachment",
      "name": "cluster_AmazonEKSServicePolicy",
      "each": "list",
      "provider": "provider.aws",
      "instances": [
        {
          "index_key": 0,
          "schema_version": 0,
          "attributes": {
            "id": "my-cluster20190702140850744000000001-20190702140856941000000003",
            "policy_arn": "arn:aws:iam::aws:policy/AmazonEKSServicePolicy",
            "role": "my-cluster20190702140850744000000001"
          },
          "private": "bnVsbA==",
          "depends_on": [
            "aws_iam_role.cluster[0]"
          ]
        }
      ]
    },
    {
      "module": "module.tidb-operator.module.eks",
      "mode": "managed",
      "type": "aws_iam_role_policy_attachment",
      "name": "workers_AmazonEC2ContainerRegistryReadOnly",
      "each": "list",
      "provider": "provider.aws",
      "instances": [
        {
          "index_key": 0,
          "schema_version": 0,
          "attributes": {
            "id": "my-cluster20190702141950357100000005-2019070214195450610000000b",
            "policy_arn": "arn:aws:iam::aws:policy/AmazonEC2ContainerRegistryReadOnly",
            "role": "my-cluster20190702141950357100000005"
          },
          "private": "bnVsbA==",
          "depends_on": [
            "aws_iam_role.workers[0]"
          ]
        }
      ]
    },
    {
      "module": "module.tidb-operator.module.eks",
      "mode": "managed",
      "type": "aws_iam_role_policy_attachment",
      "name": "workers_AmazonEKSWorkerNodePolicy",
      "each": "list",
      "provider": "provider.aws",
      "instances": [
        {
          "index_key": 0,
          "schema_version": 0,
          "attributes": {
            "id": "my-cluster20190702141950357100000005-2019070214195361280000000a",
            "policy_arn": "arn:aws:iam::aws:policy/AmazonEKSWorkerNodePolicy",
            "role": "my-cluster20190702141950357100000005"
          },
          "private": "bnVsbA==",
          "depends_on": [
            "aws_iam_role.workers[0]"
          ]
        }
      ]
    },
    {
      "module": "module.tidb-operator.module.eks",
      "mode": "managed",
      "type": "aws_iam_role_policy_attachment",
      "name": "workers_AmazonEKS_CNI_Policy",
      "each": "list",
      "provider": "provider.aws",
      "instances": [
        {
          "index_key": 0,
          "schema_version": 0,
          "attributes": {
            "id": "my-cluster20190702141950357100000005-20190702141953520500000009",
            "policy_arn": "arn:aws:iam::aws:policy/AmazonEKS_CNI_Policy",
            "role": "my-cluster20190702141950357100000005"
          },
          "private": "bnVsbA==",
          "depends_on": [
            "aws_iam_role.workers[0]"
          ]
        }
      ]
    },
    {
      "module": "module.tidb-operator.module.eks",
      "mode": "managed",
      "type": "aws_iam_role_policy_attachment",
      "name": "workers_additional_policies",
      "each": "list",
      "provider": "provider.aws",
      "instances": []
    },
    {
      "module": "module.tidb-operator.module.eks",
      "mode": "managed",
      "type": "aws_iam_role_policy_attachment",
      "name": "workers_autoscaling",
      "each": "list",
      "provider": "provider.aws",
      "instances": [
        {
          "index_key": 0,
          "schema_version": 0,
          "attributes": {
            "id": "my-cluster20190702141950357100000005-2019070214200167710000000c",
            "policy_arn": "arn:aws:iam::385595570414:policy/eks-worker-autoscaling-my-cluster20190702141950399500000007",
            "role": "my-cluster20190702141950357100000005"
          },
          "private": "bnVsbA==",
          "depends_on": [
            "aws_iam_policy.worker_autoscaling[0]",
            "aws_iam_role.workers[0]"
          ]
        }
      ]
    },
    {
      "module": "module.ec2",
      "mode": "managed",
      "type": "aws_instance",
      "name": "this",
      "each": "list",
      "provider": "provider.aws",
      "instances": []
    },
    {
      "module": "module.ec2",
      "mode": "managed",
      "type": "aws_instance",
      "name": "this_t2",
      "each": "list",
      "provider": "provider.aws",
      "instances": []
    },
    {
      "module": "module.vpc",
      "mode": "managed",
      "type": "aws_internet_gateway",
      "name": "this",
      "each": "list",
      "provider": "provider.aws",
      "instances": []
    },
    {
      "module": "module.key-pair",
      "mode": "managed",
      "type": "aws_key_pair",
      "name": "generated",
      "provider": "provider.aws",
      "instances": [
        {
          "schema_version": 1,
          "attributes": {
            "fingerprint": "34:26:51:9e:09:d0:63:28:eb:5e:87:b6:f3:ea:24:bd",
            "id": "my-cluster",
            "key_name": "my-cluster",
            "key_name_prefix": null,
            "public_key": "ssh-rsa AAAAB3NzaC1yc2EAAAADAQABAAABAQCyw+DCyCDjwxIeR6joCJIplaCryriU7rX5jmOqi2LHGCvraiCthfZw3EQBc9ktgITXZ6OCLcR3mO6gub5mEzkRZQFUkF4DkiUxB/8emuqeJgS7ngq5XvDARqqCNT1N2e/cOp+LIeM4vCpfbZQcZzOzp87TSGF1x8OkyqDmqCW1wk0c98QbZiH2BJaLxO9hmrfVTAeUQPiZftn260Lqm0yENYuids0NpWD4usulE36ssRNxyxaNMPRA07vVa1IhG8GzMwKk5YACRJhdtZQEXFOFo0jNuFrR7FX+Dg8UN3YvxUATJIMr2UeMzWIjoRrXBd1LEH6JWxy1V2owrWPi4E5P"
          },
          "private": "eyJzY2hlbWFfdmVyc2lvbiI6IjEifQ==",
          "depends_on": [
            "tls_private_key.generated"
          ]
        }
      ]
    },
    {
      "module": "module.default-cluster",
      "mode": "managed",
      "type": "aws_launch_configuration",
      "name": "workers",
      "each": "list",
      "provider": "provider.aws",
      "instances": []
    },
    {
      "module": "module.test-cluster",
      "mode": "managed",
      "type": "aws_launch_configuration",
      "name": "workers",
      "each": "list",
      "provider": "provider.aws",
      "instances": []
    },
    {
      "module": "module.tidb-operator.module.eks",
      "mode": "managed",
      "type": "aws_launch_configuration",
      "name": "workers",
      "each": "list",
      "provider": "provider.aws",
      "instances": [
        {
          "index_key": 0,
          "schema_version": 0,
          "attributes": {
            "associate_public_ip_address": false,
            "ebs_block_device": [],
            "ebs_optimized": false,
            "enable_monitoring": true,
            "ephemeral_block_device": [],
            "iam_instance_profile": "my-cluster20190702141952556900000008",
            "id": "my-cluster-my-cluster-control2019070214201744850000000d",
            "image_id": "ami-0f11fd98b02f12a4c",
            "instance_type": "t2.xlarge",
            "key_name": "my-cluster",
            "name": "my-cluster-my-cluster-control2019070214201744850000000d",
            "name_prefix": "my-cluster-my-cluster-control",
            "placement_tenancy": null,
            "root_block_device": [
              {
                "delete_on_termination": true,
                "iops": 0,
                "volume_size": 100,
                "volume_type": "gp2"
              }
            ],
            "security_groups": [
              "sg-0901b76a8e3e7055e"
            ],
            "spot_price": "",
            "user_data": null,
            "user_data_base64": "IyEvYmluL2Jhc2ggLXhlCgojIEFsbG93IHVzZXIgc3VwcGxpZWQgcHJlIHVzZXJkYXRhIGNvZGUKCgojIEJvb3RzdHJhcCBhbmQgam9pbiB0aGUgY2x1c3RlcgovZXRjL2Vrcy9ib290c3RyYXAuc2ggLS1iNjQtY2x1c3Rlci1jYSAnTFMwdExTMUNSVWRKVGlCRFJWSlVTVVpKUTBGVVJTMHRMUzB0Q2sxSlNVTjVSRU5EUVdKRFowRjNTVUpCWjBsQ1FVUkJUa0puYTNGb2EybEhPWGN3UWtGUmMwWkJSRUZXVFZKTmQwVlJXVVJXVVZGRVJYZHdjbVJYU213S1kyMDFiR1JIVm5wTlFqUllSRlJGTlUxRVkzZE5ha1V3VFZSWk1VOVdiMWhFVkVrMVRVUlplVTlVUlRCTlZGa3hUMVp2ZDBaVVJWUk5Ra1ZIUVRGVlJRcEJlRTFMWVROV2FWcFlTblZhV0ZKc1kzcERRMEZUU1hkRVVWbEtTMjlhU1doMlkwNUJVVVZDUWxGQlJHZG5SVkJCUkVORFFWRnZRMmRuUlVKQlMwSjRDbVZLZGxFelNsZEZia1pxY2tGQlJWRlZUREZVUzBGVFJVUnhhVXQ1UVhsd2QySmxOMFV3VkU1alFuQnFSMWt2VXpGVFpuUlpNbFpFT0d0UWJuRm5jak1LT0hGdVlYbDNkMWN2T0VSWWRqRXZOMHQ1T0hkc1UyNUdUMnh1VGpaWldrNXZVbTlqUkZFMlYxSk5aMlV6YzNwNU1GaDNMeTl5V1c1Q1FtOHhlaXRGWlFwSE5uTlZOemxYUWpsNEsxVktkV0pOYVdKNU5XOVlZWE5xVVVOdFpGVkhPV2t6VmtsTVFUSkhiMXBHVG5OMGQxVk9VVGxUU1VoYVJscElXa2x0VkZSckNtZHFjVTExVDNkeFNHWkphM1ZETmxORFJFVXdUbmh0U1VWcldVOHdiMUo2V1ZkSVNDdDZPRXN4UWpGaE1HRjJjMXA0TnpKR1pqSjFVRTVvVGxFMVJVMEtReTk1ZGpGbUwzZGFUREUyUkhKQk1VUlVURkpTV0ZsbmJYUXlMMmx2UVZSV1JGcFFkV2hKUXpreldITlpNSEkxYmxZcmQyeFdRbWwwTlZadllUSjVOQXA2ZFhwaGRXaEVNMWd6TVRCclpWQmhVWFZqUTBGM1JVRkJZVTFxVFVORmQwUm5XVVJXVWpCUVFWRklMMEpCVVVSQlowdHJUVUU0UjBFeFZXUkZkMFZDQ2k5M1VVWk5RVTFDUVdZNGQwUlJXVXBMYjFwSmFIWmpUa0ZSUlV4Q1VVRkVaMmRGUWtGSlREQk9iRzFDUnlzcmRqbDNiamQwZUhwaWFHeG9lV1ZPTTJNS2JVRTNOVE5VU1RCUk9XbEdlbkozU0VSa1YzSjNUbk1yYlc5WFN6bFJiVUpoT0cxWVRtaHlaVXBJWVhwUFVXdDBjVU5IUWtNNE9GWmtlWGhIWkU5UFp3bzJTV1ZRU25BMk5XODNZelJZU1hkVFkxbGthaTl3V1hwTGVIWlhhUzgyWmk5YWEwMDBUekF4UVVwVVprVmFXV1ZFYm1wbWFYWmthR3R6ZGtkMlZWRnVDakk1VERabVFrZzJkWGg1YTNrMGNWSnJhVzlrVGtwcE1IVklhemRhTlVWWU5TdE1jaXN6TnpoQmVIQktPRUpWTUZwd2JrMXNOVmhOVUZSMWJ6RTVWeXNLUjNCNVVFbFZRWEJVYW10UWRDOU5lbVE0Y3pkeVdESm1RV1JhWVc5dlVVTnZORXc0ZGtwR1dIZHVkREJIVVVwekwzYzVTMnRpWVhjeFkwMHhjWFJaVFFwRmEzaERRbm81TTBsMU9WaHlVRlZvTUc5dGRYVnlSMmQ1YWtSTGRVSm9Ua1pDYnk4d09HTXZabXg2VVZsU1ZHUkNSbXBYTlRZNWMzVlZRVDBLTFMwdExTMUZUa1FnUTBWU1ZFbEdTVU5CVkVVdExTMHRMUW89JyAtLWFwaXNlcnZlci1lbmRwb2ludCAnaHR0cHM6Ly8yQjA5RUQyMzI5REY0MDEyQ0MwQTY3MDVCRkIxNDk2NS55bDQudXMtd2VzdC0yLmVrcy5hbWF6b25hd3MuY29tJyAgLS1rdWJlbGV0LWV4dHJhLWFyZ3MgJycgJ215LWNsdXN0ZXInCgojIEFsbG93IHVzZXIgc3VwcGxpZWQgdXNlcmRhdGEgY29kZQoK",
            "vpc_classic_link_id": "",
            "vpc_classic_link_security_groups": []
          },
          "private": "bnVsbA==",
          "depends_on": [
            "aws_eks_cluster.this",
            "aws_iam_instance_profile.workers",
            "data.aws_iam_instance_profile.custom_worker_group_iam_instance_profile",
            "data.template_file.userdata"
          ]
        }
      ]
    },
    {
      "module": "module.default-cluster",
      "mode": "managed",
      "type": "aws_launch_template",
      "name": "workers_launch_template",
      "each": "list",
      "provider": "provider.aws",
      "instances": []
    },
    {
      "module": "module.test-cluster",
      "mode": "managed",
      "type": "aws_launch_template",
      "name": "workers_launch_template",
      "each": "list",
      "provider": "provider.aws",
      "instances": []
    },
    {
      "module": "module.tidb-operator.module.eks",
      "mode": "managed",
      "type": "aws_launch_template",
      "name": "workers_launch_template",
      "each": "list",
      "provider": "provider.aws",
      "instances": []
    },
    {
      "module": "module.tidb-operator.module.eks",
      "mode": "managed",
      "type": "aws_launch_template",
      "name": "workers_launch_template_mixed",
      "each": "list",
      "provider": "provider.aws",
      "instances": []
    },
    {
      "module": "module.vpc",
      "mode": "managed",
      "type": "aws_nat_gateway",
      "name": "this",
      "each": "list",
      "provider": "provider.aws",
      "instances": []
    },
    {
      "module": "module.vpc",
      "mode": "managed",
      "type": "aws_network_acl",
      "name": "database",
      "each": "list",
      "provider": "provider.aws",
      "instances": []
    },
    {
      "module": "module.vpc",
      "mode": "managed",
      "type": "aws_network_acl",
      "name": "elasticache",
      "each": "list",
      "provider": "provider.aws",
      "instances": []
    },
    {
      "module": "module.vpc",
      "mode": "managed",
      "type": "aws_network_acl",
      "name": "intra",
      "each": "list",
      "provider": "provider.aws",
      "instances": []
    },
    {
      "module": "module.vpc",
      "mode": "managed",
      "type": "aws_network_acl",
      "name": "private",
      "each": "list",
      "provider": "provider.aws",
      "instances": []
    },
    {
      "module": "module.vpc",
      "mode": "managed",
      "type": "aws_network_acl",
      "name": "public",
      "each": "list",
      "provider": "provider.aws",
      "instances": []
    },
    {
      "module": "module.vpc",
      "mode": "managed",
      "type": "aws_network_acl",
      "name": "redshift",
      "each": "list",
      "provider": "provider.aws",
      "instances": []
    },
    {
      "module": "module.vpc",
      "mode": "managed",
      "type": "aws_network_acl_rule",
      "name": "database_inbound",
      "each": "list",
      "provider": "provider.aws",
      "instances": []
    },
    {
      "module": "module.vpc",
      "mode": "managed",
      "type": "aws_network_acl_rule",
      "name": "database_outbound",
      "each": "list",
      "provider": "provider.aws",
      "instances": []
    },
    {
      "module": "module.vpc",
      "mode": "managed",
      "type": "aws_network_acl_rule",
      "name": "elasticache_inbound",
      "each": "list",
      "provider": "provider.aws",
      "instances": []
    },
    {
      "module": "module.vpc",
      "mode": "managed",
      "type": "aws_network_acl_rule",
      "name": "elasticache_outbound",
      "each": "list",
      "provider": "provider.aws",
      "instances": []
    },
    {
      "module": "module.vpc",
      "mode": "managed",
      "type": "aws_network_acl_rule",
      "name": "intra_inbound",
      "each": "list",
      "provider": "provider.aws",
      "instances": []
    },
    {
      "module": "module.vpc",
      "mode": "managed",
      "type": "aws_network_acl_rule",
      "name": "intra_outbound",
      "each": "list",
      "provider": "provider.aws",
      "instances": []
    },
    {
      "module": "module.vpc",
      "mode": "managed",
      "type": "aws_network_acl_rule",
      "name": "private_inbound",
      "each": "list",
      "provider": "provider.aws",
      "instances": []
    },
    {
      "module": "module.vpc",
      "mode": "managed",
      "type": "aws_network_acl_rule",
      "name": "private_outbound",
      "each": "list",
      "provider": "provider.aws",
      "instances": []
    },
    {
      "module": "module.vpc",
      "mode": "managed",
      "type": "aws_network_acl_rule",
      "name": "public_inbound",
      "each": "list",
      "provider": "provider.aws",
      "instances": []
    },
    {
      "module": "module.vpc",
      "mode": "managed",
      "type": "aws_network_acl_rule",
      "name": "public_outbound",
      "each": "list",
      "provider": "provider.aws",
      "instances": []
    },
    {
      "module": "module.vpc",
      "mode": "managed",
      "type": "aws_network_acl_rule",
      "name": "redshift_inbound",
      "each": "list",
      "provider": "provider.aws",
      "instances": []
    },
    {
      "module": "module.vpc",
      "mode": "managed",
      "type": "aws_network_acl_rule",
      "name": "redshift_outbound",
      "each": "list",
      "provider": "provider.aws",
      "instances": []
    },
    {
      "module": "module.vpc",
      "mode": "managed",
      "type": "aws_redshift_subnet_group",
      "name": "redshift",
      "each": "list",
      "provider": "provider.aws",
      "instances": []
    },
    {
      "module": "module.vpc",
      "mode": "managed",
      "type": "aws_route",
      "name": "database_internet_gateway",
      "each": "list",
      "provider": "provider.aws",
      "instances": []
    },
    {
      "module": "module.vpc",
      "mode": "managed",
      "type": "aws_route",
      "name": "database_nat_gateway",
      "each": "list",
      "provider": "provider.aws",
      "instances": []
    },
    {
      "module": "module.vpc",
      "mode": "managed",
      "type": "aws_route",
      "name": "private_nat_gateway",
      "each": "list",
      "provider": "provider.aws",
      "instances": []
    },
    {
      "module": "module.vpc",
      "mode": "managed",
      "type": "aws_route",
      "name": "public_internet_gateway",
      "each": "list",
      "provider": "provider.aws",
      "instances": []
    },
    {
      "module": "module.vpc",
      "mode": "managed",
      "type": "aws_route_table",
      "name": "database",
      "each": "list",
      "provider": "provider.aws",
      "instances": []
    },
    {
      "module": "module.vpc",
      "mode": "managed",
      "type": "aws_route_table",
      "name": "elasticache",
      "each": "list",
      "provider": "provider.aws",
      "instances": []
    },
    {
      "module": "module.vpc",
      "mode": "managed",
      "type": "aws_route_table",
      "name": "intra",
      "each": "list",
      "provider": "provider.aws",
      "instances": []
    },
    {
      "module": "module.vpc",
      "mode": "managed",
      "type": "aws_route_table",
      "name": "private",
      "each": "list",
      "provider": "provider.aws",
      "instances": []
    },
    {
      "module": "module.vpc",
      "mode": "managed",
      "type": "aws_route_table",
      "name": "public",
      "each": "list",
      "provider": "provider.aws",
      "instances": []
    },
    {
      "module": "module.vpc",
      "mode": "managed",
      "type": "aws_route_table",
      "name": "redshift",
      "each": "list",
      "provider": "provider.aws",
      "instances": []
    },
    {
      "module": "module.vpc",
      "mode": "managed",
      "type": "aws_route_table_association",
      "name": "database",
      "each": "list",
      "provider": "provider.aws",
      "instances": []
    },
    {
      "module": "module.vpc",
      "mode": "managed",
      "type": "aws_route_table_association",
      "name": "elasticache",
      "each": "list",
      "provider": "provider.aws",
      "instances": []
    },
    {
      "module": "module.vpc",
      "mode": "managed",
      "type": "aws_route_table_association",
      "name": "intra",
      "each": "list",
      "provider": "provider.aws",
      "instances": []
    },
    {
      "module": "module.vpc",
      "mode": "managed",
      "type": "aws_route_table_association",
      "name": "private",
      "each": "list",
      "provider": "provider.aws",
      "instances": []
    },
    {
      "module": "module.vpc",
      "mode": "managed",
      "type": "aws_route_table_association",
      "name": "public",
      "each": "list",
      "provider": "provider.aws",
      "instances": []
    },
    {
      "module": "module.vpc",
      "mode": "managed",
      "type": "aws_route_table_association",
      "name": "redshift",
      "each": "list",
      "provider": "provider.aws",
      "instances": []
    },
    {
      "module": "module.vpc",
      "mode": "managed",
      "type": "aws_route_table_association",
      "name": "redshift_public",
      "each": "list",
      "provider": "provider.aws",
      "instances": []
    },
    {
      "module": "module.tidb-operator.module.eks",
      "mode": "managed",
      "type": "aws_security_group",
      "name": "cluster",
      "each": "list",
      "provider": "provider.aws",
      "instances": [
        {
          "index_key": 0,
          "schema_version": 1,
          "attributes": {
            "arn": "arn:aws:ec2:us-west-2:385595570414:security-group/sg-049b5a71010e17d3f",
            "description": "EKS cluster security group.",
            "egress": [
              {
                "cidr_blocks": [
                  "0.0.0.0/0"
                ],
                "description": "Allow cluster egress access to the Internet.",
                "from_port": 0,
                "ipv6_cidr_blocks": [],
                "prefix_list_ids": [],
                "protocol": "-1",
                "security_groups": [],
                "self": false,
                "to_port": 0
              }
            ],
            "id": "sg-049b5a71010e17d3f",
            "ingress": [
              {
                "cidr_blocks": [],
                "description": "Allow pods to communicate with the EKS cluster API.",
                "from_port": 443,
                "ipv6_cidr_blocks": [],
                "prefix_list_ids": [],
                "protocol": "tcp",
                "security_groups": [
                  "sg-0901b76a8e3e7055e"
                ],
                "self": false,
                "to_port": 443
              }
            ],
            "name": "my-cluster20190702140914437300000004",
            "name_prefix": "my-cluster",
            "owner_id": "385595570414",
            "revoke_rules_on_delete": false,
            "tags": {
              "Name": "my-cluster-eks_cluster_sg",
              "app": "tidb"
            },
            "timeouts": null,
            "vpc_id": "vpc-045ead8290dd948d4"
          },
          "private": "eyJlMmJmYjczMC1lY2FhLTExZTYtOGY4OC0zNDM2M2JjN2M0YzAiOnsiY3JlYXRlIjo2MDAwMDAwMDAwMDAsImRlbGV0ZSI6NjAwMDAwMDAwMDAwfSwic2NoZW1hX3ZlcnNpb24iOiIxIn0="
        }
      ]
    },
    {
      "module": "module.tidb-operator.module.eks",
      "mode": "managed",
      "type": "aws_security_group",
      "name": "workers",
      "each": "list",
      "provider": "provider.aws",
      "instances": [
        {
          "index_key": 0,
          "schema_version": 1,
          "attributes": {
            "arn": "arn:aws:ec2:us-west-2:385595570414:security-group/sg-0901b76a8e3e7055e",
            "description": "Security group for all nodes in the cluster.",
            "egress": [
              {
                "cidr_blocks": [
                  "0.0.0.0/0"
                ],
                "description": "Allow nodes all egress to the Internet.",
                "from_port": 0,
                "ipv6_cidr_blocks": [],
                "prefix_list_ids": [],
                "protocol": "-1",
                "security_groups": [],
                "self": false,
                "to_port": 0
              }
            ],
            "id": "sg-0901b76a8e3e7055e",
            "ingress": [
              {
                "cidr_blocks": [
                  "0.0.0.0/0"
                ],
                "description": "kubernetes.io/rule/nlb/client=a0d6855d89cd511e9a9c20a756cd94eb",
                "from_port": 31362,
                "ipv6_cidr_blocks": [],
                "prefix_list_ids": [],
                "protocol": "tcp",
                "security_groups": [],
                "self": false,
                "to_port": 31362
              },
              {
                "cidr_blocks": [
                  "0.0.0.0/0"
                ],
                "description": "kubernetes.io/rule/nlb/client=a0d6855d89cd511e9a9c20a756cd94eb",
                "from_port": 31945,
                "ipv6_cidr_blocks": [],
                "prefix_list_ids": [],
                "protocol": "tcp",
                "security_groups": [],
                "self": false,
                "to_port": 31945
              },
              {
                "cidr_blocks": [
                  "0.0.0.0/0"
                ],
                "description": "kubernetes.io/rule/nlb/client=aff4a46c59cd411e9a9c20a756cd94eb",
                "from_port": 31303,
                "ipv6_cidr_blocks": [],
                "prefix_list_ids": [],
                "protocol": "tcp",
                "security_groups": [],
                "self": false,
                "to_port": 31303
              },
              {
                "cidr_blocks": [
                  "0.0.0.0/0"
                ],
                "description": "kubernetes.io/rule/nlb/client=aff4a46c59cd411e9a9c20a756cd94eb",
                "from_port": 31366,
                "ipv6_cidr_blocks": [],
                "prefix_list_ids": [],
                "protocol": "tcp",
                "security_groups": [],
                "self": false,
                "to_port": 31366
              },
              {
                "cidr_blocks": [
                  "0.0.0.0/0"
                ],
                "description": "kubernetes.io/rule/nlb/mtu=aff4a46c59cd411e9a9c20a756cd94eb",
                "from_port": 3,
                "ipv6_cidr_blocks": [],
                "prefix_list_ids": [],
                "protocol": "icmp",
                "security_groups": [],
                "self": false,
                "to_port": 4
              },
              {
                "cidr_blocks": [
                  "10.0.0.0/16"
                ],
                "description": "kubernetes.io/rule/nlb/health=a0d6855d89cd511e9a9c20a756cd94eb",
                "from_port": 31362,
                "ipv6_cidr_blocks": [],
                "prefix_list_ids": [],
                "protocol": "tcp",
                "security_groups": [],
                "self": false,
                "to_port": 31362
              },
              {
                "cidr_blocks": [
                  "10.0.0.0/16"
                ],
                "description": "kubernetes.io/rule/nlb/health=a0d6855d89cd511e9a9c20a756cd94eb",
                "from_port": 31945,
                "ipv6_cidr_blocks": [],
                "prefix_list_ids": [],
                "protocol": "tcp",
                "security_groups": [],
                "self": false,
                "to_port": 31945
              },
              {
                "cidr_blocks": [
                  "10.0.0.0/16"
                ],
                "description": "kubernetes.io/rule/nlb/health=aff4a46c59cd411e9a9c20a756cd94eb",
                "from_port": 31303,
                "ipv6_cidr_blocks": [],
                "prefix_list_ids": [],
                "protocol": "tcp",
                "security_groups": [],
                "self": false,
                "to_port": 31303
              },
              {
                "cidr_blocks": [
                  "10.0.0.0/16"
                ],
                "description": "kubernetes.io/rule/nlb/health=aff4a46c59cd411e9a9c20a756cd94eb",
                "from_port": 31366,
                "ipv6_cidr_blocks": [],
                "prefix_list_ids": [],
                "protocol": "tcp",
                "security_groups": [],
                "self": false,
                "to_port": 31366
              },
              {
                "cidr_blocks": [],
                "description": "",
                "from_port": 0,
                "ipv6_cidr_blocks": [],
                "prefix_list_ids": [],
                "protocol": "-1",
                "security_groups": [
                  "sg-02c1a918ddf291a13",
                  "sg-099c00ee2d9fe36ef"
                ],
                "self": false,
                "to_port": 0
              },
              {
                "cidr_blocks": [],
                "description": "Allow node to communicate with each other.",
                "from_port": 0,
                "ipv6_cidr_blocks": [],
                "prefix_list_ids": [],
                "protocol": "-1",
                "security_groups": [],
                "self": true,
                "to_port": 0
              },
              {
                "cidr_blocks": [],
                "description": "Allow pods running extension API servers on port 443 to receive communication from cluster control plane.",
                "from_port": 443,
                "ipv6_cidr_blocks": [],
                "prefix_list_ids": [],
                "protocol": "tcp",
                "security_groups": [
                  "sg-049b5a71010e17d3f"
                ],
                "self": false,
                "to_port": 443
              },
              {
                "cidr_blocks": [],
                "description": "Allow workers pods to receive communication from the cluster control plane.",
                "from_port": 1025,
                "ipv6_cidr_blocks": [],
                "prefix_list_ids": [],
                "protocol": "tcp",
                "security_groups": [
                  "sg-049b5a71010e17d3f"
                ],
                "self": false,
                "to_port": 65535
              }
            ],
            "name": "my-cluster20190702141950359500000006",
            "name_prefix": "my-cluster",
            "owner_id": "385595570414",
            "revoke_rules_on_delete": false,
            "tags": {
              "Name": "my-cluster-eks_worker_sg",
              "app": "tidb",
              "kubernetes.io/cluster/my-cluster": "owned"
            },
            "timeouts": null,
            "vpc_id": "vpc-045ead8290dd948d4"
          },
          "private": "eyJlMmJmYjczMC1lY2FhLTExZTYtOGY4OC0zNDM2M2JjN2M0YzAiOnsiY3JlYXRlIjo2MDAwMDAwMDAwMDAsImRlbGV0ZSI6NjAwMDAwMDAwMDAwfSwic2NoZW1hX3ZlcnNpb24iOiIxIn0=",
          "depends_on": [
            "aws_eks_cluster.this"
          ]
        }
      ]
    },
    {
      "module": "module.tidb-operator.module.eks",
      "mode": "managed",
      "type": "aws_security_group_rule",
      "name": "cluster_egress_internet",
      "each": "list",
      "provider": "provider.aws",
      "instances": [
        {
          "index_key": 0,
          "schema_version": 2,
          "attributes": {
            "cidr_blocks": [
              "0.0.0.0/0"
            ],
            "description": "Allow cluster egress access to the Internet.",
            "from_port": 0,
            "id": "sgrule-3629728231",
            "ipv6_cidr_blocks": [],
            "prefix_list_ids": [],
            "protocol": "-1",
            "security_group_id": "sg-049b5a71010e17d3f",
            "self": false,
            "source_security_group_id": null,
            "to_port": 0,
            "type": "egress"
          },
          "private": "eyJzY2hlbWFfdmVyc2lvbiI6IjIifQ==",
          "depends_on": [
            "aws_security_group.cluster[0]"
          ]
        }
      ]
    },
    {
      "module": "module.tidb-operator.module.eks",
      "mode": "managed",
      "type": "aws_security_group_rule",
      "name": "cluster_https_worker_ingress",
      "each": "list",
      "provider": "provider.aws",
      "instances": [
        {
          "index_key": 0,
          "schema_version": 2,
          "attributes": {
            "cidr_blocks": [],
            "description": "Allow pods to communicate with the EKS cluster API.",
            "from_port": 443,
            "id": "sgrule-105930882",
            "ipv6_cidr_blocks": [],
            "prefix_list_ids": [],
            "protocol": "tcp",
            "security_group_id": "sg-049b5a71010e17d3f",
            "self": false,
            "source_security_group_id": "sg-0901b76a8e3e7055e",
            "to_port": 443,
            "type": "ingress"
          },
          "private": "eyJzY2hlbWFfdmVyc2lvbiI6IjIifQ==",
          "depends_on": [
            "aws_security_group.cluster[0]"
          ]
        }
      ]
    },
    {
      "module": "module.tidb-operator.module.eks",
      "mode": "managed",
      "type": "aws_security_group_rule",
      "name": "workers_egress_internet",
      "each": "list",
      "provider": "provider.aws",
      "instances": [
        {
          "index_key": 0,
          "schema_version": 2,
          "attributes": {
            "cidr_blocks": [
              "0.0.0.0/0"
            ],
            "description": "Allow nodes all egress to the Internet.",
            "from_port": 0,
            "id": "sgrule-2908448787",
            "ipv6_cidr_blocks": [],
            "prefix_list_ids": [],
            "protocol": "-1",
            "security_group_id": "sg-0901b76a8e3e7055e",
            "self": false,
            "source_security_group_id": null,
            "to_port": 0,
            "type": "egress"
          },
          "private": "eyJzY2hlbWFfdmVyc2lvbiI6IjIifQ==",
          "depends_on": [
            "aws_security_group.workers[0]"
          ]
        }
      ]
    },
    {
      "module": "module.tidb-operator.module.eks",
      "mode": "managed",
      "type": "aws_security_group_rule",
      "name": "workers_ingress_cluster",
      "each": "list",
      "provider": "provider.aws",
      "instances": [
        {
          "index_key": 0,
          "schema_version": 2,
          "attributes": {
            "cidr_blocks": [],
            "description": "Allow workers pods to receive communication from the cluster control plane.",
            "from_port": 1025,
            "id": "sgrule-3437507016",
            "ipv6_cidr_blocks": [],
            "prefix_list_ids": [],
            "protocol": "tcp",
            "security_group_id": "sg-0901b76a8e3e7055e",
            "self": false,
            "source_security_group_id": "sg-049b5a71010e17d3f",
            "to_port": 65535,
            "type": "ingress"
          },
          "private": "eyJzY2hlbWFfdmVyc2lvbiI6IjIifQ==",
          "depends_on": [
            "aws_security_group.workers[0]"
          ]
        }
      ]
    },
    {
      "module": "module.tidb-operator.module.eks",
      "mode": "managed",
      "type": "aws_security_group_rule",
      "name": "workers_ingress_cluster_https",
      "each": "list",
      "provider": "provider.aws",
      "instances": [
        {
          "index_key": 0,
          "schema_version": 2,
          "attributes": {
            "cidr_blocks": [],
            "description": "Allow pods running extension API servers on port 443 to receive communication from cluster control plane.",
            "from_port": 443,
            "id": "sgrule-1750768348",
            "ipv6_cidr_blocks": [],
            "prefix_list_ids": [],
            "protocol": "tcp",
            "security_group_id": "sg-0901b76a8e3e7055e",
            "self": false,
            "source_security_group_id": "sg-049b5a71010e17d3f",
            "to_port": 443,
            "type": "ingress"
          },
          "private": "eyJzY2hlbWFfdmVyc2lvbiI6IjIifQ==",
          "depends_on": [
            "aws_security_group.workers[0]"
          ]
        }
      ]
    },
    {
      "module": "module.tidb-operator.module.eks",
      "mode": "managed",
      "type": "aws_security_group_rule",
      "name": "workers_ingress_cluster_kubelet",
      "each": "list",
      "provider": "provider.aws",
      "instances": []
    },
    {
      "module": "module.tidb-operator.module.eks",
      "mode": "managed",
      "type": "aws_security_group_rule",
      "name": "workers_ingress_self",
      "each": "list",
      "provider": "provider.aws",
      "instances": [
        {
          "index_key": 0,
          "schema_version": 2,
          "attributes": {
            "cidr_blocks": [],
            "description": "Allow node to communicate with each other.",
            "from_port": 0,
            "id": "sgrule-785489295",
            "ipv6_cidr_blocks": [],
            "prefix_list_ids": [],
            "protocol": "-1",
            "security_group_id": "sg-0901b76a8e3e7055e",
            "self": false,
            "source_security_group_id": "sg-0901b76a8e3e7055e",
            "to_port": 0,
            "type": "ingress"
          },
          "private": "eyJzY2hlbWFfdmVyc2lvbiI6IjIifQ==",
          "depends_on": [
            "aws_security_group.workers[0]"
          ]
        }
      ]
    },
    {
      "module": "module.vpc",
      "mode": "managed",
      "type": "aws_subnet",
      "name": "database",
      "each": "list",
      "provider": "provider.aws",
      "instances": []
    },
    {
      "module": "module.vpc",
      "mode": "managed",
      "type": "aws_subnet",
      "name": "elasticache",
      "each": "list",
      "provider": "provider.aws",
      "instances": []
    },
    {
      "module": "module.vpc",
      "mode": "managed",
      "type": "aws_subnet",
      "name": "intra",
      "each": "list",
      "provider": "provider.aws",
      "instances": []
    },
    {
      "module": "module.vpc",
      "mode": "managed",
      "type": "aws_subnet",
      "name": "private",
      "each": "list",
      "provider": "provider.aws",
      "instances": [
        {
          "index_key": 0,
          "schema_version": 1,
          "attributes": {
            "arn": "arn:aws:ec2:us-west-2:385595570414:subnet/subnet-08b8c355f30ed58ba",
            "assign_ipv6_address_on_creation": false,
            "availability_zone": "us-west-2a",
            "availability_zone_id": "usw2-az2",
            "cidr_block": "10.0.16.0/20",
            "id": "subnet-08b8c355f30ed58ba",
            "ipv6_cidr_block": "",
            "ipv6_cidr_block_association_id": "",
            "map_public_ip_on_launch": false,
            "owner_id": "385595570414",
            "tags": {
              "Name": "my-cluster-private-us-west-2a",
              "kubernetes.io/cluster/my-cluster": "shared"
            },
            "timeouts": null,
            "vpc_id": "vpc-045ead8290dd948d4"
          },
          "private": "eyJlMmJmYjczMC1lY2FhLTExZTYtOGY4OC0zNDM2M2JjN2M0YzAiOnsiY3JlYXRlIjo2MDAwMDAwMDAwMDAsImRlbGV0ZSI6MTIwMDAwMDAwMDAwMH0sInNjaGVtYV92ZXJzaW9uIjoiMSJ9"
        },
        {
          "index_key": 1,
          "schema_version": 1,
          "attributes": {
            "arn": "arn:aws:ec2:us-west-2:385595570414:subnet/subnet-0869b629c725c799c",
            "assign_ipv6_address_on_creation": false,
            "availability_zone": "us-west-2b",
            "availability_zone_id": "usw2-az1",
            "cidr_block": "10.0.32.0/20",
            "id": "subnet-0869b629c725c799c",
            "ipv6_cidr_block": "",
            "ipv6_cidr_block_association_id": "",
            "map_public_ip_on_launch": false,
            "owner_id": "385595570414",
            "tags": {
              "Name": "my-cluster-private-us-west-2b",
              "kubernetes.io/cluster/my-cluster": "shared"
            },
            "timeouts": null,
            "vpc_id": "vpc-045ead8290dd948d4"
          },
          "private": "eyJlMmJmYjczMC1lY2FhLTExZTYtOGY4OC0zNDM2M2JjN2M0YzAiOnsiY3JlYXRlIjo2MDAwMDAwMDAwMDAsImRlbGV0ZSI6MTIwMDAwMDAwMDAwMH0sInNjaGVtYV92ZXJzaW9uIjoiMSJ9"
        },
        {
          "index_key": 2,
          "schema_version": 1,
          "attributes": {
            "arn": "arn:aws:ec2:us-west-2:385595570414:subnet/subnet-01c62f5324fe05605",
            "assign_ipv6_address_on_creation": false,
            "availability_zone": "us-west-2c",
            "availability_zone_id": "usw2-az3",
            "cidr_block": "10.0.48.0/20",
            "id": "subnet-01c62f5324fe05605",
            "ipv6_cidr_block": "",
            "ipv6_cidr_block_association_id": "",
            "map_public_ip_on_launch": false,
            "owner_id": "385595570414",
            "tags": {
              "Name": "my-cluster-private-us-west-2c",
              "kubernetes.io/cluster/my-cluster": "shared"
            },
            "timeouts": null,
            "vpc_id": "vpc-045ead8290dd948d4"
          },
          "private": "eyJlMmJmYjczMC1lY2FhLTExZTYtOGY4OC0zNDM2M2JjN2M0YzAiOnsiY3JlYXRlIjo2MDAwMDAwMDAwMDAsImRlbGV0ZSI6MTIwMDAwMDAwMDAwMH0sInNjaGVtYV92ZXJzaW9uIjoiMSJ9"
        }
      ]
    },
    {
      "module": "module.vpc",
      "mode": "managed",
      "type": "aws_subnet",
      "name": "public",
      "each": "list",
      "provider": "provider.aws",
      "instances": []
    },
    {
      "module": "module.vpc",
      "mode": "managed",
      "type": "aws_subnet",
      "name": "redshift",
      "each": "list",
      "provider": "provider.aws",
      "instances": []
    },
    {
      "module": "module.vpc",
      "mode": "managed",
      "type": "aws_vpc",
      "name": "this",
      "each": "list",
      "provider": "provider.aws",
      "instances": [
        {
          "index_key": 0,
          "schema_version": 1,
          "attributes": {
            "arn": "arn:aws:ec2:us-west-2:385595570414:vpc/vpc-045ead8290dd948d4",
            "assign_generated_ipv6_cidr_block": false,
            "cidr_block": "10.0.0.0/16",
            "default_network_acl_id": "acl-01d834214145117e1",
            "default_route_table_id": "rtb-00a392b6b0f316355",
            "default_security_group_id": "sg-0c9dd6ab66e0d2227",
            "dhcp_options_id": "dopt-0062aa79",
            "enable_classiclink": false,
            "enable_classiclink_dns_support": false,
            "enable_dns_hostnames": false,
            "enable_dns_support": true,
            "id": "vpc-045ead8290dd948d4",
            "instance_tenancy": "default",
            "ipv6_association_id": "",
            "ipv6_cidr_block": "",
            "main_route_table_id": "rtb-00a392b6b0f316355",
            "owner_id": "385595570414",
            "tags": {
              "Name": "my-cluster",
              "kubernetes.io/cluster/my-cluster": "shared"
            }
          },
          "private": "eyJzY2hlbWFfdmVyc2lvbiI6IjEifQ=="
        }
      ]
    },
    {
      "module": "module.vpc",
      "mode": "managed",
      "type": "aws_vpc_dhcp_options",
      "name": "this",
      "each": "list",
      "provider": "provider.aws",
      "instances": []
    },
    {
      "module": "module.vpc",
      "mode": "managed",
      "type": "aws_vpc_dhcp_options_association",
      "name": "this",
      "each": "list",
      "provider": "provider.aws",
      "instances": []
    },
    {
      "module": "module.vpc",
      "mode": "managed",
      "type": "aws_vpc_endpoint",
      "name": "apigw",
      "each": "list",
      "provider": "provider.aws",
      "instances": []
    },
    {
      "module": "module.vpc",
      "mode": "managed",
      "type": "aws_vpc_endpoint",
      "name": "cloudtrail",
      "each": "list",
      "provider": "provider.aws",
      "instances": []
    },
    {
      "module": "module.vpc",
      "mode": "managed",
      "type": "aws_vpc_endpoint",
      "name": "dynamodb",
      "each": "list",
      "provider": "provider.aws",
      "instances": []
    },
    {
      "module": "module.vpc",
      "mode": "managed",
      "type": "aws_vpc_endpoint",
      "name": "ec2",
      "each": "list",
      "provider": "provider.aws",
      "instances": []
    },
    {
      "module": "module.vpc",
      "mode": "managed",
      "type": "aws_vpc_endpoint",
      "name": "ec2messages",
      "each": "list",
      "provider": "provider.aws",
      "instances": []
    },
    {
      "module": "module.vpc",
      "mode": "managed",
      "type": "aws_vpc_endpoint",
      "name": "ecr_api",
      "each": "list",
      "provider": "provider.aws",
      "instances": []
    },
    {
      "module": "module.vpc",
      "mode": "managed",
      "type": "aws_vpc_endpoint",
      "name": "ecr_dkr",
      "each": "list",
      "provider": "provider.aws",
      "instances": []
    },
    {
      "module": "module.vpc",
      "mode": "managed",
      "type": "aws_vpc_endpoint",
      "name": "ecs",
      "each": "list",
      "provider": "provider.aws",
      "instances": []
    },
    {
      "module": "module.vpc",
      "mode": "managed",
      "type": "aws_vpc_endpoint",
      "name": "ecs_agent",
      "each": "list",
      "provider": "provider.aws",
      "instances": []
    },
    {
      "module": "module.vpc",
      "mode": "managed",
      "type": "aws_vpc_endpoint",
      "name": "ecs_telemetry",
      "each": "list",
      "provider": "provider.aws",
      "instances": []
    },
    {
      "module": "module.vpc",
      "mode": "managed",
      "type": "aws_vpc_endpoint",
      "name": "elasticloadbalancing",
      "each": "list",
      "provider": "provider.aws",
      "instances": []
    },
    {
      "module": "module.vpc",
      "mode": "managed",
      "type": "aws_vpc_endpoint",
      "name": "events",
      "each": "list",
      "provider": "provider.aws",
      "instances": []
    },
    {
      "module": "module.vpc",
      "mode": "managed",
      "type": "aws_vpc_endpoint",
      "name": "kms",
      "each": "list",
      "provider": "provider.aws",
      "instances": []
    },
    {
      "module": "module.vpc",
      "mode": "managed",
      "type": "aws_vpc_endpoint",
      "name": "logs",
      "each": "list",
      "provider": "provider.aws",
      "instances": []
    },
    {
      "module": "module.vpc",
      "mode": "managed",
      "type": "aws_vpc_endpoint",
      "name": "monitoring",
      "each": "list",
      "provider": "provider.aws",
      "instances": []
    },
    {
      "module": "module.vpc",
      "mode": "managed",
      "type": "aws_vpc_endpoint",
      "name": "s3",
      "each": "list",
      "provider": "provider.aws",
      "instances": []
    },
    {
      "module": "module.vpc",
      "mode": "managed",
      "type": "aws_vpc_endpoint",
      "name": "sns",
      "each": "list",
      "provider": "provider.aws",
      "instances": []
    },
    {
      "module": "module.vpc",
      "mode": "managed",
      "type": "aws_vpc_endpoint",
      "name": "sqs",
      "each": "list",
      "provider": "provider.aws",
      "instances": []
    },
    {
      "module": "module.vpc",
      "mode": "managed",
      "type": "aws_vpc_endpoint",
      "name": "ssm",
      "each": "list",
      "provider": "provider.aws",
      "instances": []
    },
    {
      "module": "module.vpc",
      "mode": "managed",
      "type": "aws_vpc_endpoint",
      "name": "ssmmessages",
      "each": "list",
      "provider": "provider.aws",
      "instances": []
    },
    {
      "module": "module.vpc",
      "mode": "managed",
      "type": "aws_vpc_endpoint_route_table_association",
      "name": "intra_dynamodb",
      "each": "list",
      "provider": "provider.aws",
      "instances": []
    },
    {
      "module": "module.vpc",
      "mode": "managed",
      "type": "aws_vpc_endpoint_route_table_association",
      "name": "intra_s3",
      "each": "list",
      "provider": "provider.aws",
      "instances": []
    },
    {
      "module": "module.vpc",
      "mode": "managed",
      "type": "aws_vpc_endpoint_route_table_association",
      "name": "private_dynamodb",
      "each": "list",
      "provider": "provider.aws",
      "instances": []
    },
    {
      "module": "module.vpc",
      "mode": "managed",
      "type": "aws_vpc_endpoint_route_table_association",
      "name": "private_s3",
      "each": "list",
      "provider": "provider.aws",
      "instances": []
    },
    {
      "module": "module.vpc",
      "mode": "managed",
      "type": "aws_vpc_endpoint_route_table_association",
      "name": "public_dynamodb",
      "each": "list",
      "provider": "provider.aws",
      "instances": []
    },
    {
      "module": "module.vpc",
      "mode": "managed",
      "type": "aws_vpc_endpoint_route_table_association",
      "name": "public_s3",
      "each": "list",
      "provider": "provider.aws",
      "instances": []
    },
    {
      "module": "module.vpc",
      "mode": "managed",
      "type": "aws_vpc_ipv4_cidr_block_association",
      "name": "this",
      "each": "list",
      "provider": "provider.aws",
      "instances": []
    },
    {
      "module": "module.vpc",
      "mode": "managed",
      "type": "aws_vpn_gateway",
      "name": "this",
      "each": "list",
      "provider": "provider.aws",
      "instances": []
    },
    {
      "module": "module.vpc",
      "mode": "managed",
      "type": "aws_vpn_gateway_attachment",
      "name": "this",
      "each": "list",
      "provider": "provider.aws",
      "instances": []
    },
    {
      "module": "module.vpc",
      "mode": "managed",
      "type": "aws_vpn_gateway_route_propagation",
      "name": "private",
      "each": "list",
      "provider": "provider.aws",
      "instances": []
    },
    {
      "module": "module.vpc",
      "mode": "managed",
      "type": "aws_vpn_gateway_route_propagation",
      "name": "public",
      "each": "list",
      "provider": "provider.aws",
      "instances": []
    },
    {
      "module": "module.default-cluster",
      "mode": "managed",
      "type": "helm_release",
      "name": "tidb-cluster",
      "provider": "provider.helm.eks",
      "instances": []
    },
    {
      "module": "module.test-cluster",
      "mode": "managed",
      "type": "helm_release",
      "name": "tidb-cluster",
      "provider": "provider.helm.eks",
      "instances": []
    },
    {
      "module": "module.tidb-operator",
      "mode": "managed",
      "type": "helm_release",
      "name": "tidb-operator",
      "provider": "module.tidb-operator.provider.helm",
      "instances": [
        {
          "schema_version": 0,
          "attributes": {
            "chart": "tidb-operator",
            "devel": null,
            "disable_webhooks": false,
            "force_update": false,
            "id": "tidb-operator",
            "keyring": null,
            "metadata": [
              {
                "chart": "tidb-operator",
                "name": "tidb-operator",
                "namespace": "tidb-admin",
                "revision": 1,
                "values": "{}\n",
                "version": "v1.0.0-beta.3"
              }
            ],
            "name": "tidb-operator",
            "namespace": "tidb-admin",
            "recreate_pods": false,
            "repository": "pingcap",
            "reuse": false,
            "reuse_values": false,
            "set": [],
            "set_sensitive": [],
            "set_string": [],
            "status": "DEPLOYED",
            "timeout": 300,
            "values": [
              ""
            ],
            "verify": false,
            "version": "v1.0.0-beta.3",
            "wait": true
          }
        }
      ]
    },
    {
      "module": "module.tidb-operator.module.eks",
      "mode": "managed",
      "type": "local_file",
      "name": "config_map_aws_auth",
      "each": "list",
      "provider": "provider.local",
      "instances": [
        {
          "index_key": 0,
          "schema_version": 0,
          "attributes": {
            "content": "apiVersion: v1\nkind: ConfigMap\nmetadata:\n  name: aws-auth\n  namespace: kube-system\ndata:\n  mapRoles: |\n    - rolearn: arn:aws:iam::385595570414:role/my-cluster20190702141950357100000005\n      username: system:node:{{EC2PrivateDNSName}}\n      groups:\n        - system:bootstrappers\n        - system:nodes\n\n\n  mapUsers: |\n\n  mapAccounts: |\n\n",
            "content_base64": null,
            "filename": "credentials/config-map-aws-auth_my-cluster.yaml",
            "id": "978ee48452ea948de06accdfb8813993dcee1a6b",
            "sensitive_content": null
          },
          "private": "bnVsbA==",
          "depends_on": [
            "data.template_file.config_map_aws_auth"
          ]
        }
      ]
    },
    {
      "module": "module.tidb-operator",
      "mode": "managed",
      "type": "local_file",
      "name": "kubeconfig",
      "provider": "provider.local",
      "instances": [
        {
          "schema_version": 0,
          "attributes": {
            "content": null,
            "content_base64": null,
            "filename": "credentials/kubeconfig_my-cluster",
            "id": "94c5caf94ec9455972b0f8540c6aaa42617c43f8",
            "sensitive_content": "apiVersion: v1\npreferences: {}\nkind: Config\n\nclusters:\n- cluster:\n    server: https://2B09ED2329DF4012CC0A6705BFB14965.yl4.us-west-2.eks.amazonaws.com\n    certificate-authority-data: LS0tLS1CRUdJTiBDRVJUSUZJQ0FURS0tLS0tCk1JSUN5RENDQWJDZ0F3SUJBZ0lCQURBTkJna3Foa2lHOXcwQkFRc0ZBREFWTVJNd0VRWURWUVFERXdwcmRXSmwKY201bGRHVnpNQjRYRFRFNU1EY3dNakUwTVRZMU9Wb1hEVEk1TURZeU9URTBNVFkxT1Zvd0ZURVRNQkVHQTFVRQpBeE1LYTNWaVpYSnVaWFJsY3pDQ0FTSXdEUVlKS29aSWh2Y05BUUVCQlFBRGdnRVBBRENDQVFvQ2dnRUJBS0J4CmVKdlEzSldFbkZqckFBRVFVTDFUS0FTRURxaUt5QXlwd2JlN0UwVE5jQnBqR1kvUzFTZnRZMlZEOGtQbnFncjMKOHFuYXl3d1cvOERYdjEvN0t5OHdsU25GT2xuTjZZWk5vUm9jRFE2V1JNZ2Uzc3p5MFh3Ly9yWW5CQm8xeitFZQpHNnNVNzlXQjl4K1VKdWJNaWJ5NW9YYXNqUUNtZFVHOWkzVklMQTJHb1pGTnN0d1VOUTlTSUhaRlpIWkltVFRrCmdqcU11T3dxSGZJa3VDNlNDREUwTnhtSUVrWU8wb1J6WVdISCt6OEsxQjFhMGF2c1p4NzJGZjJ1UE5oTlE1RU0KQy95djFmL3daTDE2RHJBMURUTFJSWFlnbXQyL2lvQVRWRFpQdWhJQzkzWHNZMHI1blYrd2xWQml0NVZvYTJ5NAp6dXphdWhEM1gzMTBrZVBhUXVjQ0F3RUFBYU1qTUNFd0RnWURWUjBQQVFIL0JBUURBZ0trTUE4R0ExVWRFd0VCCi93UUZNQU1CQWY4d0RRWUpLb1pJaHZjTkFRRUxCUUFEZ2dFQkFJTDBObG1CRysrdjl3bjd0eHpiaGxoeWVOM2MKbUE3NTNUSTBROWlGenJ3SERkV3J3TnMrbW9XSzlRbUJhOG1YTmhyZUpIYXpPUWt0cUNHQkM4OFZkeXhHZE9PZwo2SWVQSnA2NW83YzRYSXdTY1lkai9wWXpLeHZXaS82Zi9aa000TzAxQUpUZkVaWWVEbmpmaXZkaGtzdkd2VVFuCjI5TDZmQkg2dXh5a3k0cVJraW9kTkppMHVIazdaNUVYNStMciszNzhBeHBKOEJVMFpwbk1sNVhNUFR1bzE5VysKR3B5UElVQXBUamtQdC9NemQ4czdyWDJmQWRaYW9vUUNvNEw4dkpGWHdudDBHUUpzL3c5S2tiYXcxY00xcXRZTQpFa3hDQno5M0l1OVhyUFVoMG9tdXVyR2d5akRLdUJoTkZCby8wOGMvZmx6UVlSVGRCRmpXNTY5c3VVQT0KLS0tLS1FTkQgQ0VSVElGSUNBVEUtLS0tLQo=\n  name: eks_my-cluster\n\ncontexts:\n- context:\n    cluster: eks_my-cluster\n    user: eks_my-cluster\n  name: eks_my-cluster\n\ncurrent-context: eks_my-cluster\n\nusers:\n- name: eks_my-cluster\n  user:\n    exec:\n      apiVersion: client.authentication.k8s.io/v1alpha1\n      command: aws-iam-authenticator\n      args:\n        - \"token\"\n        - \"-i\"\n        - \"my-cluster\"\n\n\n"
          },
          "private": "bnVsbA==",
          "depends_on": [
            "module.eks"
          ]
        }
      ]
    },
    {
      "mode": "managed",
      "type": "local_file",
      "name": "kubeconfig",
      "provider": "provider.local",
      "instances": []
    },
    {
      "module": "module.tidb-operator.module.eks",
      "mode": "managed",
      "type": "local_file",
      "name": "kubeconfig",
      "each": "list",
      "provider": "provider.local",
      "instances": [
        {
          "index_key": 0,
          "schema_version": 0,
          "attributes": {
            "content": "apiVersion: v1\npreferences: {}\nkind: Config\n\nclusters:\n- cluster:\n    server: https://2B09ED2329DF4012CC0A6705BFB14965.yl4.us-west-2.eks.amazonaws.com\n    certificate-authority-data: LS0tLS1CRUdJTiBDRVJUSUZJQ0FURS0tLS0tCk1JSUN5RENDQWJDZ0F3SUJBZ0lCQURBTkJna3Foa2lHOXcwQkFRc0ZBREFWTVJNd0VRWURWUVFERXdwcmRXSmwKY201bGRHVnpNQjRYRFRFNU1EY3dNakUwTVRZMU9Wb1hEVEk1TURZeU9URTBNVFkxT1Zvd0ZURVRNQkVHQTFVRQpBeE1LYTNWaVpYSnVaWFJsY3pDQ0FTSXdEUVlKS29aSWh2Y05BUUVCQlFBRGdnRVBBRENDQVFvQ2dnRUJBS0J4CmVKdlEzSldFbkZqckFBRVFVTDFUS0FTRURxaUt5QXlwd2JlN0UwVE5jQnBqR1kvUzFTZnRZMlZEOGtQbnFncjMKOHFuYXl3d1cvOERYdjEvN0t5OHdsU25GT2xuTjZZWk5vUm9jRFE2V1JNZ2Uzc3p5MFh3Ly9yWW5CQm8xeitFZQpHNnNVNzlXQjl4K1VKdWJNaWJ5NW9YYXNqUUNtZFVHOWkzVklMQTJHb1pGTnN0d1VOUTlTSUhaRlpIWkltVFRrCmdqcU11T3dxSGZJa3VDNlNDREUwTnhtSUVrWU8wb1J6WVdISCt6OEsxQjFhMGF2c1p4NzJGZjJ1UE5oTlE1RU0KQy95djFmL3daTDE2RHJBMURUTFJSWFlnbXQyL2lvQVRWRFpQdWhJQzkzWHNZMHI1blYrd2xWQml0NVZvYTJ5NAp6dXphdWhEM1gzMTBrZVBhUXVjQ0F3RUFBYU1qTUNFd0RnWURWUjBQQVFIL0JBUURBZ0trTUE4R0ExVWRFd0VCCi93UUZNQU1CQWY4d0RRWUpLb1pJaHZjTkFRRUxCUUFEZ2dFQkFJTDBObG1CRysrdjl3bjd0eHpiaGxoeWVOM2MKbUE3NTNUSTBROWlGenJ3SERkV3J3TnMrbW9XSzlRbUJhOG1YTmhyZUpIYXpPUWt0cUNHQkM4OFZkeXhHZE9PZwo2SWVQSnA2NW83YzRYSXdTY1lkai9wWXpLeHZXaS82Zi9aa000TzAxQUpUZkVaWWVEbmpmaXZkaGtzdkd2VVFuCjI5TDZmQkg2dXh5a3k0cVJraW9kTkppMHVIazdaNUVYNStMciszNzhBeHBKOEJVMFpwbk1sNVhNUFR1bzE5VysKR3B5UElVQXBUamtQdC9NemQ4czdyWDJmQWRaYW9vUUNvNEw4dkpGWHdudDBHUUpzL3c5S2tiYXcxY00xcXRZTQpFa3hDQno5M0l1OVhyUFVoMG9tdXVyR2d5akRLdUJoTkZCby8wOGMvZmx6UVlSVGRCRmpXNTY5c3VVQT0KLS0tLS1FTkQgQ0VSVElGSUNBVEUtLS0tLQo=\n  name: eks_my-cluster\n\ncontexts:\n- context:\n    cluster: eks_my-cluster\n    user: eks_my-cluster\n  name: eks_my-cluster\n\ncurrent-context: eks_my-cluster\n\nusers:\n- name: eks_my-cluster\n  user:\n    exec:\n      apiVersion: client.authentication.k8s.io/v1alpha1\n      command: aws-iam-authenticator\n      args:\n        - \"token\"\n        - \"-i\"\n        - \"my-cluster\"\n\n\n",
            "content_base64": null,
            "filename": "credentials/kubeconfig_my-cluster",
            "id": "94c5caf94ec9455972b0f8540c6aaa42617c43f8",
            "sensitive_content": null
          },
          "private": "bnVsbA==",
          "depends_on": [
            "data.template_file.kubeconfig"
          ]
        }
      ]
    },
    {
      "module": "module.key-pair",
      "mode": "managed",
      "type": "local_file",
      "name": "private_key_pem",
      "each": "list",
      "provider": "provider.local",
      "instances": []
    },
    {
      "module": "module.key-pair",
      "mode": "managed",
      "type": "local_file",
      "name": "public_key_openssh",
      "each": "list",
      "provider": "provider.local",
      "instances": []
    },
    {
      "module": "module.key-pair",
      "mode": "managed",
      "type": "null_resource",
      "name": "chmod",
      "each": "list",
      "provider": "provider.null",
      "instances": []
    },
    {
      "module": "module.tidb-operator",
      "mode": "managed",
      "type": "null_resource",
      "name": "setup-env",
      "provider": "provider.null",
      "instances": [
        {
          "schema_version": 0,
          "attributes": {
            "id": "4147419460234023980",
            "triggers": null
          },
          "depends_on": [
            "local_file.kubeconfig"
          ]
        }
      ]
    },
    {
      "module": "module.default-cluster",
      "mode": "managed",
      "type": "null_resource",
      "name": "tags_as_list_of_maps",
      "each": "list",
      "provider": "provider.null",
      "instances": []
    },
    {
      "module": "module.test-cluster",
      "mode": "managed",
      "type": "null_resource",
      "name": "tags_as_list_of_maps",
      "each": "list",
      "provider": "provider.null",
      "instances": []
    },
    {
      "module": "module.tidb-operator.module.eks",
      "mode": "managed",
      "type": "null_resource",
      "name": "tags_as_list_of_maps",
      "each": "list",
      "provider": "provider.null",
      "instances": [
        {
          "index_key": 0,
          "schema_version": 0,
          "attributes": {
            "id": "8699955636061529248",
            "triggers": {
              "key": "app",
              "propagate_at_launch": "true",
              "value": "tidb"
            }
          }
        }
      ]
    },
    {
      "module": "module.tidb-operator.module.eks",
      "mode": "managed",
      "type": "null_resource",
      "name": "update_config_map_aws_auth",
      "each": "list",
      "provider": "provider.null",
      "instances": [
        {
          "index_key": 0,
          "schema_version": 0,
          "attributes": {
            "id": "7794443773218902071",
            "triggers": {
              "config_map_rendered": "apiVersion: v1\nkind: ConfigMap\nmetadata:\n  name: aws-auth\n  namespace: kube-system\ndata:\n  mapRoles: |\n    - rolearn: arn:aws:iam::385595570414:role/my-cluster20190702141950357100000005\n      username: system:node:{{EC2PrivateDNSName}}\n      groups:\n        - system:bootstrappers\n        - system:nodes\n\n\n  mapUsers: |\n\n  mapAccounts: |\n\n",
              "endpoint": "https://2B09ED2329DF4012CC0A6705BFB14965.yl4.us-west-2.eks.amazonaws.com",
              "kube_config_map_rendered": "apiVersion: v1\npreferences: {}\nkind: Config\n\nclusters:\n- cluster:\n    server: https://2B09ED2329DF4012CC0A6705BFB14965.yl4.us-west-2.eks.amazonaws.com\n    certificate-authority-data: LS0tLS1CRUdJTiBDRVJUSUZJQ0FURS0tLS0tCk1JSUN5RENDQWJDZ0F3SUJBZ0lCQURBTkJna3Foa2lHOXcwQkFRc0ZBREFWTVJNd0VRWURWUVFERXdwcmRXSmwKY201bGRHVnpNQjRYRFRFNU1EY3dNakUwTVRZMU9Wb1hEVEk1TURZeU9URTBNVFkxT1Zvd0ZURVRNQkVHQTFVRQpBeE1LYTNWaVpYSnVaWFJsY3pDQ0FTSXdEUVlKS29aSWh2Y05BUUVCQlFBRGdnRVBBRENDQVFvQ2dnRUJBS0J4CmVKdlEzSldFbkZqckFBRVFVTDFUS0FTRURxaUt5QXlwd2JlN0UwVE5jQnBqR1kvUzFTZnRZMlZEOGtQbnFncjMKOHFuYXl3d1cvOERYdjEvN0t5OHdsU25GT2xuTjZZWk5vUm9jRFE2V1JNZ2Uzc3p5MFh3Ly9yWW5CQm8xeitFZQpHNnNVNzlXQjl4K1VKdWJNaWJ5NW9YYXNqUUNtZFVHOWkzVklMQTJHb1pGTnN0d1VOUTlTSUhaRlpIWkltVFRrCmdqcU11T3dxSGZJa3VDNlNDREUwTnhtSUVrWU8wb1J6WVdISCt6OEsxQjFhMGF2c1p4NzJGZjJ1UE5oTlE1RU0KQy95djFmL3daTDE2RHJBMURUTFJSWFlnbXQyL2lvQVRWRFpQdWhJQzkzWHNZMHI1blYrd2xWQml0NVZvYTJ5NAp6dXphdWhEM1gzMTBrZVBhUXVjQ0F3RUFBYU1qTUNFd0RnWURWUjBQQVFIL0JBUURBZ0trTUE4R0ExVWRFd0VCCi93UUZNQU1CQWY4d0RRWUpLb1pJaHZjTkFRRUxCUUFEZ2dFQkFJTDBObG1CRysrdjl3bjd0eHpiaGxoeWVOM2MKbUE3NTNUSTBROWlGenJ3SERkV3J3TnMrbW9XSzlRbUJhOG1YTmhyZUpIYXpPUWt0cUNHQkM4OFZkeXhHZE9PZwo2SWVQSnA2NW83YzRYSXdTY1lkai9wWXpLeHZXaS82Zi9aa000TzAxQUpUZkVaWWVEbmpmaXZkaGtzdkd2VVFuCjI5TDZmQkg2dXh5a3k0cVJraW9kTkppMHVIazdaNUVYNStMciszNzhBeHBKOEJVMFpwbk1sNVhNUFR1bzE5VysKR3B5UElVQXBUamtQdC9NemQ4czdyWDJmQWRaYW9vUUNvNEw4dkpGWHdudDBHUUpzL3c5S2tiYXcxY00xcXRZTQpFa3hDQno5M0l1OVhyUFVoMG9tdXVyR2d5akRLdUJoTkZCby8wOGMvZmx6UVlSVGRCRmpXNTY5c3VVQT0KLS0tLS1FTkQgQ0VSVElGSUNBVEUtLS0tLQo=\n  name: eks_my-cluster\n\ncontexts:\n- context:\n    cluster: eks_my-cluster\n    user: eks_my-cluster\n  name: eks_my-cluster\n\ncurrent-context: eks_my-cluster\n\nusers:\n- name: eks_my-cluster\n  user:\n    exec:\n      apiVersion: client.authentication.k8s.io/v1alpha1\n      command: aws-iam-authenticator\n      args:\n        - \"token\"\n        - \"-i\"\n        - \"my-cluster\"\n\n\n"
            }
          },
          "depends_on": [
            "aws_eks_cluster.this",
            "data.template_file.config_map_aws_auth",
            "data.template_file.kubeconfig"
          ]
        }
      ]
    },
    {
      "module": "module.default-cluster",
      "mode": "managed",
      "type": "null_resource",
      "name": "wait-tidb-ready",
      "provider": "provider.null",
      "instances": []
    },
    {
      "module": "module.test-cluster",
      "mode": "managed",
      "type": "null_resource",
      "name": "wait-tidb-ready",
      "provider": "provider.null",
      "instances": []
    },
    {
      "module": "module.key-pair",
      "mode": "managed",
      "type": "tls_private_key",
      "name": "generated",
      "provider": "provider.tls",
      "instances": [
        {
          "schema_version": 0,
          "attributes": {
            "algorithm": "RSA",
            "ecdsa_curve": "P224",
            "id": "9d6496bbd72df74a70b397d78f726756ce87e9d1",
            "private_key_pem": "-----BEGIN RSA PRIVATE KEY-----\nMIIEogIBAAKCAQEAssPgwsgg48MSHkeo6AiSKZWgq8q4lO61+Y5jqotixxgr62og\nrYX2cNxEAXPZLYCE12ejgi3Ed5juoLm+ZhM5EWUBVJBeA5IlMQf/HprqniYEu54K\nuV7wwEaqgjU9Tdnv3DqfiyHjOLwqX22UHGczs6fO00hhdcfDpMqg5qgltcJNHPfE\nG2Yh9gSWi8TvYZq31UwHlED4mX7Z9utC6ptMhDWLonbNDaVg+LrLpRN+rLETccsW\njTD0QNO71WtSIRvBszMCpOWAAkSYXbWUBFxThaNIzbha0exV/g4PFDd2L8VAEySD\nK9lHjM1iI6Ea1wXdSxB+iVsctVdqMK1j4uBOTwIDAQABAoIBAFjF3vq7aWHRwFCb\nI2y+vN67uEM3c3w6ItIf/Kx3dYELJtxMIpgpO12GdJsIDaSD+vQBOnhuA++kWXQl\naUDFcQSLVSLKYnWBgMidgPqQ0cvhc148OHUfiYziStBIYf4kKPIDhrEQDgdhoeUr\nxG5qbYlc3t+bRRK5NhXCri589+UPGKjYD+Qzjm7VKlih+OOgRDLkD4nu+BDBlsVJ\ntaWsfZMjsKUp35sV1fvDMiap+FsI6i/CBZpf4eCnMXDQt5XnBrXrUeDxf/aZw1g9\n+niwzyjJCNTv6omA1YpJYA4p6WftcSSJWk7GvnelTwyQlXgjm6ZbM7BkM+iJkllm\nZlEOT4ECgYEA3Q+Y16DGazwy5C5XPCOTPNF3J91ib/ko0FfmKLzlEj/+jtIL2+o6\ndzd6ezvGU9c23Qp4FiILHVumxL8O+OYdGmOkhx3SqxbtqDODUHJYXumFUv0Jb3BH\nOjQgzCq/fUOcAYHbjdPIRhnUZ4yRoYDnerGPGVO2RyUMpf7AIDtlPI8CgYEAzwTw\nyyQD7g1uKptQ4f5IG/XqG9mmHFQ2Gu9uO3bvhZYtQEhArfh7OgnskK2L0fKcbZIX\nF1JBgJW8bNV6/9P//mts+Y4cValuqZtCmJjPOw2nX/u0X+/eJRHavfbFNlmACaMd\nBx7HGDHR6yZp9Of0TbUt56m7TBlSifaISk4oMkECgYAETrJ+uR5EpqajNZfzjwnm\nbHpy52hsoCFAdgYBEzUvdtnB9KvQfC7pdcZIMnD53z6tbe/LFpy61LdaLBLhnLJC\nemCRVW5ucQLufRp47dF0//3eERom9rwckTl2YPrcOP4INXyOteq4Gva9kcqgp/9a\nr60HJE9v8XPepCkgN6gQVwKBgFYAfXBG5AMPPUciAvX/x0EmZj1vq9x09401DpxR\niqv6eY4M9iHP6pFv8gEgt8defLHgUQt1NpUOn5qvDUwebGjrg/ggm5DStJBtWbs/\nMEgeIfxz+rkoUycfRbpJPCCaCeD3DGYa2Scp+0UvTjFZ81oc/JcTIiY5FtsNugz0\nbyqBAoGAe5+S7sO613qrSp1iL3Es9HoMnPniwZAmGyhhSG5bFCThKlKolR2XwzV0\n/bz78tdz9KAzEfalAwBt2b394nNttKYqQSwJYpDVWAgzycRDgvjOR5J4pAapS4sF\nH2R2SvIcXGxAOMp3eR8Ysq/Q06kKnGxOapt2gyDU3yJxjaE5PrQ=\n-----END RSA PRIVATE KEY-----\n",
            "public_key_fingerprint_md5": "52:e4:05:eb:0f:b4:aa:34:46:27:1a:21:63:40:f5:39",
            "public_key_openssh": "ssh-rsa AAAAB3NzaC1yc2EAAAADAQABAAABAQCyw+DCyCDjwxIeR6joCJIplaCryriU7rX5jmOqi2LHGCvraiCthfZw3EQBc9ktgITXZ6OCLcR3mO6gub5mEzkRZQFUkF4DkiUxB/8emuqeJgS7ngq5XvDARqqCNT1N2e/cOp+LIeM4vCpfbZQcZzOzp87TSGF1x8OkyqDmqCW1wk0c98QbZiH2BJaLxO9hmrfVTAeUQPiZftn260Lqm0yENYuids0NpWD4usulE36ssRNxyxaNMPRA07vVa1IhG8GzMwKk5YACRJhdtZQEXFOFo0jNuFrR7FX+Dg8UN3YvxUATJIMr2UeMzWIjoRrXBd1LEH6JWxy1V2owrWPi4E5P\n",
            "public_key_pem": "-----BEGIN PUBLIC KEY-----\nMIIBIjANBgkqhkiG9w0BAQEFAAOCAQ8AMIIBCgKCAQEAssPgwsgg48MSHkeo6AiS\nKZWgq8q4lO61+Y5jqotixxgr62ogrYX2cNxEAXPZLYCE12ejgi3Ed5juoLm+ZhM5\nEWUBVJBeA5IlMQf/HprqniYEu54KuV7wwEaqgjU9Tdnv3DqfiyHjOLwqX22UHGcz\ns6fO00hhdcfDpMqg5qgltcJNHPfEG2Yh9gSWi8TvYZq31UwHlED4mX7Z9utC6ptM\nhDWLonbNDaVg+LrLpRN+rLETccsWjTD0QNO71WtSIRvBszMCpOWAAkSYXbWUBFxT\nhaNIzbha0exV/g4PFDd2L8VAEySDK9lHjM1iI6Ea1wXdSxB+iVsctVdqMK1j4uBO\nTwIDAQAB\n-----END PUBLIC KEY-----\n",
            "rsa_bits": 2048
          }
        }
      ]
    }
  ]
}
